<?xml version="1.0" encoding="utf-8"?>
<Project ToolsVersion="15.0" xmlns="http://schemas.microsoft.com/developer/msbuild/2003">
  <ItemGroup>
    <ClCompile Include="C:\Users\ceej_\Documents\Libraries\archive\ogl\assimp-4.1.0\code\Assimp.cpp">
      <Filter>Source Files</Filter>
    </ClCompile>
    <ClCompile Include="C:\Users\ceej_\Documents\Libraries\archive\ogl\assimp-4.1.0\code\BaseImporter.cpp">
      <Filter>Common</Filter>
    </ClCompile>
    <ClCompile Include="C:\Users\ceej_\Documents\Libraries\archive\ogl\assimp-4.1.0\code\BaseProcess.cpp">
      <Filter>Common</Filter>
    </ClCompile>
    <ClCompile Include="C:\Users\ceej_\Documents\Libraries\archive\ogl\assimp-4.1.0\code\PostStepRegistry.cpp">
      <Filter>Common</Filter>
    </ClCompile>
    <ClCompile Include="C:\Users\ceej_\Documents\Libraries\archive\ogl\assimp-4.1.0\code\ImporterRegistry.cpp">
      <Filter>Common</Filter>
    </ClCompile>
    <ClCompile Include="C:\Users\ceej_\Documents\Libraries\archive\ogl\assimp-4.1.0\code\DefaultIOStream.cpp">
      <Filter>Common</Filter>
    </ClCompile>
    <ClCompile Include="C:\Users\ceej_\Documents\Libraries\archive\ogl\assimp-4.1.0\code\DefaultIOSystem.cpp">
      <Filter>Common</Filter>
    </ClCompile>
    <ClCompile Include="C:\Users\ceej_\Documents\Libraries\archive\ogl\assimp-4.1.0\code\CInterfaceIOWrapper.cpp">
      <Filter>Common</Filter>
    </ClCompile>
    <ClCompile Include="C:\Users\ceej_\Documents\Libraries\archive\ogl\assimp-4.1.0\code\Importer.cpp">
      <Filter>Common</Filter>
    </ClCompile>
    <ClCompile Include="C:\Users\ceej_\Documents\Libraries\archive\ogl\assimp-4.1.0\code\SGSpatialSort.cpp">
      <Filter>Common</Filter>
    </ClCompile>
    <ClCompile Include="C:\Users\ceej_\Documents\Libraries\archive\ogl\assimp-4.1.0\code\VertexTriangleAdjacency.cpp">
      <Filter>Common</Filter>
    </ClCompile>
    <ClCompile Include="C:\Users\ceej_\Documents\Libraries\archive\ogl\assimp-4.1.0\code\SpatialSort.cpp">
      <Filter>Common</Filter>
    </ClCompile>
    <ClCompile Include="C:\Users\ceej_\Documents\Libraries\archive\ogl\assimp-4.1.0\code\SceneCombiner.cpp">
      <Filter>Common</Filter>
    </ClCompile>
    <ClCompile Include="C:\Users\ceej_\Documents\Libraries\archive\ogl\assimp-4.1.0\code\ScenePreprocessor.cpp">
      <Filter>Common</Filter>
    </ClCompile>
    <ClCompile Include="C:\Users\ceej_\Documents\Libraries\archive\ogl\assimp-4.1.0\code\SkeletonMeshBuilder.cpp">
      <Filter>Common</Filter>
    </ClCompile>
    <ClCompile Include="C:\Users\ceej_\Documents\Libraries\archive\ogl\assimp-4.1.0\code\SplitByBoneCountProcess.cpp">
      <Filter>Common</Filter>
    </ClCompile>
    <ClCompile Include="C:\Users\ceej_\Documents\Libraries\archive\ogl\assimp-4.1.0\code\ScaleProcess.cpp">
      <Filter>Common</Filter>
    </ClCompile>
    <ClCompile Include="C:\Users\ceej_\Documents\Libraries\archive\ogl\assimp-4.1.0\code\StandardShapes.cpp">
      <Filter>Common</Filter>
    </ClCompile>
    <ClCompile Include="C:\Users\ceej_\Documents\Libraries\archive\ogl\assimp-4.1.0\code\TargetAnimation.cpp">
      <Filter>Common</Filter>
    </ClCompile>
    <ClCompile Include="C:\Users\ceej_\Documents\Libraries\archive\ogl\assimp-4.1.0\code\RemoveComments.cpp">
      <Filter>Common</Filter>
    </ClCompile>
    <ClCompile Include="C:\Users\ceej_\Documents\Libraries\archive\ogl\assimp-4.1.0\code\Subdivision.cpp">
      <Filter>Common</Filter>
    </ClCompile>
    <ClCompile Include="C:\Users\ceej_\Documents\Libraries\archive\ogl\assimp-4.1.0\code\scene.cpp">
      <Filter>Common</Filter>
    </ClCompile>
    <ClCompile Include="C:\Users\ceej_\Documents\Libraries\archive\ogl\assimp-4.1.0\code\Bitmap.cpp">
      <Filter>Common</Filter>
    </ClCompile>
    <ClCompile Include="C:\Users\ceej_\Documents\Libraries\archive\ogl\assimp-4.1.0\code\Version.cpp">
      <Filter>Common</Filter>
    </ClCompile>
    <ClCompile Include="C:\Users\ceej_\Documents\Libraries\archive\ogl\assimp-4.1.0\code\CreateAnimMesh.cpp">
      <Filter>Common</Filter>
    </ClCompile>
    <ClCompile Include="C:\Users\ceej_\Documents\Libraries\archive\ogl\assimp-4.1.0\code\DefaultLogger.cpp">
      <Filter>Logging</Filter>
    </ClCompile>
    <ClCompile Include="C:\Users\ceej_\Documents\Libraries\archive\ogl\assimp-4.1.0\code\Exporter.cpp">
      <Filter>Exporter</Filter>
    </ClCompile>
    <ClCompile Include="C:\Users\ceej_\Documents\Libraries\archive\ogl\assimp-4.1.0\code\AssimpCExport.cpp">
      <Filter>Exporter</Filter>
    </ClCompile>
    <ClCompile Include="C:\Users\ceej_\Documents\Libraries\archive\ogl\assimp-4.1.0\code\CalcTangentsProcess.cpp">
      <Filter>PostProcessing</Filter>
    </ClCompile>
    <ClCompile Include="C:\Users\ceej_\Documents\Libraries\archive\ogl\assimp-4.1.0\code\ComputeUVMappingProcess.cpp">
      <Filter>PostProcessing</Filter>
    </ClCompile>
    <ClCompile Include="C:\Users\ceej_\Documents\Libraries\archive\ogl\assimp-4.1.0\code\ConvertToLHProcess.cpp">
      <Filter>PostProcessing</Filter>
    </ClCompile>
    <ClCompile Include="C:\Users\ceej_\Documents\Libraries\archive\ogl\assimp-4.1.0\code\FindDegenerates.cpp">
      <Filter>PostProcessing</Filter>
    </ClCompile>
    <ClCompile Include="C:\Users\ceej_\Documents\Libraries\archive\ogl\assimp-4.1.0\code\FindInstancesProcess.cpp">
      <Filter>PostProcessing</Filter>
    </ClCompile>
    <ClCompile Include="C:\Users\ceej_\Documents\Libraries\archive\ogl\assimp-4.1.0\code\FindInvalidDataProcess.cpp">
      <Filter>PostProcessing</Filter>
    </ClCompile>
    <ClCompile Include="C:\Users\ceej_\Documents\Libraries\archive\ogl\assimp-4.1.0\code\FixNormalsStep.cpp">
      <Filter>PostProcessing</Filter>
    </ClCompile>
    <ClCompile Include="C:\Users\ceej_\Documents\Libraries\archive\ogl\assimp-4.1.0\code\GenFaceNormalsProcess.cpp">
      <Filter>PostProcessing</Filter>
    </ClCompile>
    <ClCompile Include="C:\Users\ceej_\Documents\Libraries\archive\ogl\assimp-4.1.0\code\GenVertexNormalsProcess.cpp">
      <Filter>PostProcessing</Filter>
    </ClCompile>
    <ClCompile Include="C:\Users\ceej_\Documents\Libraries\archive\ogl\assimp-4.1.0\code\PretransformVertices.cpp">
      <Filter>PostProcessing</Filter>
    </ClCompile>
    <ClCompile Include="C:\Users\ceej_\Documents\Libraries\archive\ogl\assimp-4.1.0\code\ImproveCacheLocality.cpp">
      <Filter>PostProcessing</Filter>
    </ClCompile>
    <ClCompile Include="C:\Users\ceej_\Documents\Libraries\archive\ogl\assimp-4.1.0\code\JoinVerticesProcess.cpp">
      <Filter>PostProcessing</Filter>
    </ClCompile>
    <ClCompile Include="C:\Users\ceej_\Documents\Libraries\archive\ogl\assimp-4.1.0\code\LimitBoneWeightsProcess.cpp">
      <Filter>PostProcessing</Filter>
    </ClCompile>
    <ClCompile Include="C:\Users\ceej_\Documents\Libraries\archive\ogl\assimp-4.1.0\code\RemoveRedundantMaterials.cpp">
      <Filter>PostProcessing</Filter>
    </ClCompile>
    <ClCompile Include="C:\Users\ceej_\Documents\Libraries\archive\ogl\assimp-4.1.0\code\RemoveVCProcess.cpp">
      <Filter>PostProcessing</Filter>
    </ClCompile>
    <ClCompile Include="C:\Users\ceej_\Documents\Libraries\archive\ogl\assimp-4.1.0\code\SortByPTypeProcess.cpp">
      <Filter>PostProcessing</Filter>
    </ClCompile>
    <ClCompile Include="C:\Users\ceej_\Documents\Libraries\archive\ogl\assimp-4.1.0\code\SplitLargeMeshes.cpp">
      <Filter>PostProcessing</Filter>
    </ClCompile>
    <ClCompile Include="C:\Users\ceej_\Documents\Libraries\archive\ogl\assimp-4.1.0\code\TextureTransform.cpp">
      <Filter>PostProcessing</Filter>
    </ClCompile>
    <ClCompile Include="C:\Users\ceej_\Documents\Libraries\archive\ogl\assimp-4.1.0\code\TriangulateProcess.cpp">
      <Filter>PostProcessing</Filter>
    </ClCompile>
    <ClCompile Include="C:\Users\ceej_\Documents\Libraries\archive\ogl\assimp-4.1.0\code\ValidateDataStructure.cpp">
      <Filter>PostProcessing</Filter>
    </ClCompile>
    <ClCompile Include="C:\Users\ceej_\Documents\Libraries\archive\ogl\assimp-4.1.0\code\OptimizeGraph.cpp">
      <Filter>PostProcessing</Filter>
    </ClCompile>
    <ClCompile Include="C:\Users\ceej_\Documents\Libraries\archive\ogl\assimp-4.1.0\code\OptimizeMeshes.cpp">
      <Filter>PostProcessing</Filter>
    </ClCompile>
    <ClCompile Include="C:\Users\ceej_\Documents\Libraries\archive\ogl\assimp-4.1.0\code\DeboneProcess.cpp">
      <Filter>PostProcessing</Filter>
    </ClCompile>
    <ClCompile Include="C:\Users\ceej_\Documents\Libraries\archive\ogl\assimp-4.1.0\code\ProcessHelper.cpp">
      <Filter>PostProcessing</Filter>
    </ClCompile>
    <ClCompile Include="C:\Users\ceej_\Documents\Libraries\archive\ogl\assimp-4.1.0\code\MakeVerboseFormat.cpp">
      <Filter>PostProcessing</Filter>
    </ClCompile>
    <ClCompile Include="C:\Users\ceej_\Documents\Libraries\archive\ogl\assimp-4.1.0\code\MaterialSystem.cpp">
      <Filter>MaterialSystem</Filter>
    </ClCompile>
    <ClCompile Include="C:\Users\ceej_\Documents\Libraries\archive\ogl\assimp-4.1.0\code\StepExporter.cpp">
      <Filter>Step</Filter>
    </ClCompile>
    <ClCompile Include="C:\Users\ceej_\Documents\Libraries\archive\ogl\assimp-4.1.0\code\AMFImporter.cpp">
      <Filter>AMF</Filter>
    </ClCompile>
    <ClCompile Include="C:\Users\ceej_\Documents\Libraries\archive\ogl\assimp-4.1.0\code\AMFImporter_Geometry.cpp">
      <Filter>AMF</Filter>
    </ClCompile>
    <ClCompile Include="C:\Users\ceej_\Documents\Libraries\archive\ogl\assimp-4.1.0\code\AMFImporter_Material.cpp">
      <Filter>AMF</Filter>
    </ClCompile>
    <ClCompile Include="C:\Users\ceej_\Documents\Libraries\archive\ogl\assimp-4.1.0\code\AMFImporter_Postprocess.cpp">
      <Filter>AMF</Filter>
    </ClCompile>
    <ClCompile Include="C:\Users\ceej_\Documents\Libraries\archive\ogl\assimp-4.1.0\code\3DSConverter.cpp">
      <Filter>3DS</Filter>
    </ClCompile>
    <ClCompile Include="C:\Users\ceej_\Documents\Libraries\archive\ogl\assimp-4.1.0\code\3DSLoader.cpp">
      <Filter>3DS</Filter>
    </ClCompile>
    <ClCompile Include="C:\Users\ceej_\Documents\Libraries\archive\ogl\assimp-4.1.0\code\3DSExporter.cpp">
      <Filter>3DS</Filter>
    </ClCompile>
    <ClCompile Include="C:\Users\ceej_\Documents\Libraries\archive\ogl\assimp-4.1.0\code\ACLoader.cpp">
      <Filter>AC</Filter>
    </ClCompile>
    <ClCompile Include="C:\Users\ceej_\Documents\Libraries\archive\ogl\assimp-4.1.0\code\ASELoader.cpp">
      <Filter>ASE</Filter>
    </ClCompile>
    <ClCompile Include="C:\Users\ceej_\Documents\Libraries\archive\ogl\assimp-4.1.0\code\ASEParser.cpp">
      <Filter>ASE</Filter>
    </ClCompile>
    <ClCompile Include="C:\Users\ceej_\Documents\Libraries\archive\ogl\assimp-4.1.0\code\AssbinExporter.cpp">
      <Filter>ASSBIN</Filter>
    </ClCompile>
    <ClCompile Include="C:\Users\ceej_\Documents\Libraries\archive\ogl\assimp-4.1.0\code\AssbinLoader.cpp">
      <Filter>ASSBIN</Filter>
    </ClCompile>
    <ClCompile Include="C:\Users\ceej_\Documents\Libraries\archive\ogl\assimp-4.1.0\code\AssxmlExporter.cpp">
      <Filter>ASSXML</Filter>
    </ClCompile>
    <ClCompile Include="C:\Users\ceej_\Documents\Libraries\archive\ogl\assimp-4.1.0\code\B3DImporter.cpp">
      <Filter>B3D</Filter>
    </ClCompile>
    <ClCompile Include="C:\Users\ceej_\Documents\Libraries\archive\ogl\assimp-4.1.0\code\BVHLoader.cpp">
      <Filter>BVH</Filter>
    </ClCompile>
    <ClCompile Include="C:\Users\ceej_\Documents\Libraries\archive\ogl\assimp-4.1.0\code\ColladaLoader.cpp">
      <Filter>COLLADA</Filter>
    </ClCompile>
    <ClCompile Include="C:\Users\ceej_\Documents\Libraries\archive\ogl\assimp-4.1.0\code\ColladaParser.cpp">
      <Filter>COLLADA</Filter>
    </ClCompile>
    <ClCompile Include="C:\Users\ceej_\Documents\Libraries\archive\ogl\assimp-4.1.0\code\ColladaExporter.cpp">
      <Filter>COLLADA</Filter>
    </ClCompile>
    <ClCompile Include="C:\Users\ceej_\Documents\Libraries\archive\ogl\assimp-4.1.0\code\DXFLoader.cpp">
      <Filter>DXF</Filter>
    </ClCompile>
    <ClCompile Include="C:\Users\ceej_\Documents\Libraries\archive\ogl\assimp-4.1.0\code\CSMLoader.cpp">
      <Filter>CSM</Filter>
    </ClCompile>
    <ClCompile Include="C:\Users\ceej_\Documents\Libraries\archive\ogl\assimp-4.1.0\code\HMPLoader.cpp">
      <Filter>HMP</Filter>
    </ClCompile>
    <ClCompile Include="C:\Users\ceej_\Documents\Libraries\archive\ogl\assimp-4.1.0\code\IRRMeshLoader.cpp">
      <Filter>IRRMESH</Filter>
    </ClCompile>
    <ClCompile Include="C:\Users\ceej_\Documents\Libraries\archive\ogl\assimp-4.1.0\code\IRRShared.cpp">
      <Filter>IRR</Filter>
    </ClCompile>
    <ClCompile Include="C:\Users\ceej_\Documents\Libraries\archive\ogl\assimp-4.1.0\code\IRRLoader.cpp">
      <Filter>IRR</Filter>
    </ClCompile>
    <ClCompile Include="C:\Users\ceej_\Documents\Libraries\archive\ogl\assimp-4.1.0\code\LWOAnimation.cpp">
      <Filter>LWO</Filter>
    </ClCompile>
    <ClCompile Include="C:\Users\ceej_\Documents\Libraries\archive\ogl\assimp-4.1.0\code\LWOBLoader.cpp">
      <Filter>LWO</Filter>
    </ClCompile>
    <ClCompile Include="C:\Users\ceej_\Documents\Libraries\archive\ogl\assimp-4.1.0\code\LWOLoader.cpp">
      <Filter>LWO</Filter>
    </ClCompile>
    <ClCompile Include="C:\Users\ceej_\Documents\Libraries\archive\ogl\assimp-4.1.0\code\LWOMaterial.cpp">
      <Filter>LWO</Filter>
    </ClCompile>
    <ClCompile Include="C:\Users\ceej_\Documents\Libraries\archive\ogl\assimp-4.1.0\code\LWSLoader.cpp">
      <Filter>LWS</Filter>
    </ClCompile>
    <ClCompile Include="C:\Users\ceej_\Documents\Libraries\archive\ogl\assimp-4.1.0\code\MD2Loader.cpp">
      <Filter>MD2</Filter>
    </ClCompile>
    <ClCompile Include="C:\Users\ceej_\Documents\Libraries\archive\ogl\assimp-4.1.0\code\MD3Loader.cpp">
      <Filter>MD3</Filter>
    </ClCompile>
    <ClCompile Include="C:\Users\ceej_\Documents\Libraries\archive\ogl\assimp-4.1.0\code\MD5Loader.cpp">
      <Filter>MD5</Filter>
    </ClCompile>
    <ClCompile Include="C:\Users\ceej_\Documents\Libraries\archive\ogl\assimp-4.1.0\code\MD5Parser.cpp">
      <Filter>MD5</Filter>
    </ClCompile>
    <ClCompile Include="C:\Users\ceej_\Documents\Libraries\archive\ogl\assimp-4.1.0\code\MDCLoader.cpp">
      <Filter>MDC</Filter>
    </ClCompile>
    <ClCompile Include="C:\Users\ceej_\Documents\Libraries\archive\ogl\assimp-4.1.0\code\MDLLoader.cpp">
      <Filter>MDL</Filter>
    </ClCompile>
    <ClCompile Include="C:\Users\ceej_\Documents\Libraries\archive\ogl\assimp-4.1.0\code\MDLMaterialLoader.cpp">
      <Filter>MDL</Filter>
    </ClCompile>
    <ClCompile Include="C:\Users\ceej_\Documents\Libraries\archive\ogl\assimp-4.1.0\code\NFFLoader.cpp">
      <Filter>NFF</Filter>
    </ClCompile>
    <ClCompile Include="C:\Users\ceej_\Documents\Libraries\archive\ogl\assimp-4.1.0\code\NDOLoader.cpp">
      <Filter>NDO</Filter>
    </ClCompile>
    <ClCompile Include="C:\Users\ceej_\Documents\Libraries\archive\ogl\assimp-4.1.0\code\OFFLoader.cpp">
      <Filter>OFF</Filter>
    </ClCompile>
    <ClCompile Include="C:\Users\ceej_\Documents\Libraries\archive\ogl\assimp-4.1.0\code\ObjFileImporter.cpp">
      <Filter>OBJ</Filter>
    </ClCompile>
    <ClCompile Include="C:\Users\ceej_\Documents\Libraries\archive\ogl\assimp-4.1.0\code\ObjFileMtlImporter.cpp">
      <Filter>OBJ</Filter>
    </ClCompile>
    <ClCompile Include="C:\Users\ceej_\Documents\Libraries\archive\ogl\assimp-4.1.0\code\ObjFileParser.cpp">
      <Filter>OBJ</Filter>
    </ClCompile>
    <ClCompile Include="C:\Users\ceej_\Documents\Libraries\archive\ogl\assimp-4.1.0\code\ObjExporter.cpp">
      <Filter>OBJ</Filter>
    </ClCompile>
    <ClCompile Include="C:\Users\ceej_\Documents\Libraries\archive\ogl\assimp-4.1.0\code\OgreImporter.cpp">
      <Filter>OGRE</Filter>
    </ClCompile>
    <ClCompile Include="C:\Users\ceej_\Documents\Libraries\archive\ogl\assimp-4.1.0\code\OgreStructs.cpp">
      <Filter>OGRE</Filter>
    </ClCompile>
    <ClCompile Include="C:\Users\ceej_\Documents\Libraries\archive\ogl\assimp-4.1.0\code\OgreBinarySerializer.cpp">
      <Filter>OGRE</Filter>
    </ClCompile>
    <ClCompile Include="C:\Users\ceej_\Documents\Libraries\archive\ogl\assimp-4.1.0\code\OgreXmlSerializer.cpp">
      <Filter>OGRE</Filter>
    </ClCompile>
    <ClCompile Include="C:\Users\ceej_\Documents\Libraries\archive\ogl\assimp-4.1.0\code\OgreMaterial.cpp">
      <Filter>OGRE</Filter>
    </ClCompile>
    <ClCompile Include="C:\Users\ceej_\Documents\Libraries\archive\ogl\assimp-4.1.0\code\OpenGEXExporter.cpp">
      <Filter>OPENGEX</Filter>
    </ClCompile>
    <ClCompile Include="C:\Users\ceej_\Documents\Libraries\archive\ogl\assimp-4.1.0\code\OpenGEXImporter.cpp">
      <Filter>OPENGEX</Filter>
    </ClCompile>
    <ClCompile Include="C:\Users\ceej_\Documents\Libraries\archive\ogl\assimp-4.1.0\code\PlyLoader.cpp">
      <Filter>PLY</Filter>
    </ClCompile>
    <ClCompile Include="C:\Users\ceej_\Documents\Libraries\archive\ogl\assimp-4.1.0\code\PlyParser.cpp">
      <Filter>PLY</Filter>
    </ClCompile>
    <ClCompile Include="C:\Users\ceej_\Documents\Libraries\archive\ogl\assimp-4.1.0\code\PlyExporter.cpp">
      <Filter>PLY</Filter>
    </ClCompile>
    <ClCompile Include="C:\Users\ceej_\Documents\Libraries\archive\ogl\assimp-4.1.0\code\MS3DLoader.cpp">
      <Filter>MS3D</Filter>
    </ClCompile>
    <ClCompile Include="C:\Users\ceej_\Documents\Libraries\archive\ogl\assimp-4.1.0\code\COBLoader.cpp">
      <Filter>COB</Filter>
    </ClCompile>
    <ClCompile Include="C:\Users\ceej_\Documents\Libraries\archive\ogl\assimp-4.1.0\code\BlenderLoader.cpp">
      <Filter>BLEND</Filter>
    </ClCompile>
    <ClCompile Include="C:\Users\ceej_\Documents\Libraries\archive\ogl\assimp-4.1.0\code\BlenderDNA.cpp">
      <Filter>BLEND</Filter>
    </ClCompile>
    <ClCompile Include="C:\Users\ceej_\Documents\Libraries\archive\ogl\assimp-4.1.0\code\BlenderScene.cpp">
      <Filter>BLEND</Filter>
    </ClCompile>
    <ClCompile Include="C:\Users\ceej_\Documents\Libraries\archive\ogl\assimp-4.1.0\code\BlenderModifier.cpp">
      <Filter>BLEND</Filter>
    </ClCompile>
    <ClCompile Include="C:\Users\ceej_\Documents\Libraries\archive\ogl\assimp-4.1.0\code\BlenderBMesh.cpp">
      <Filter>BLEND</Filter>
    </ClCompile>
    <ClCompile Include="C:\Users\ceej_\Documents\Libraries\archive\ogl\assimp-4.1.0\code\BlenderTessellator.cpp">
      <Filter>BLEND</Filter>
    </ClCompile>
    <ClCompile Include="C:\Users\ceej_\Documents\Libraries\archive\ogl\assimp-4.1.0\code\IFCLoader.cpp">
      <Filter>IFC</Filter>
    </ClCompile>
    <ClCompile Include="C:\Users\ceej_\Documents\Libraries\archive\ogl\assimp-4.1.0\code\IFCReaderGen1.cpp">
      <Filter>IFC</Filter>
    </ClCompile>
    <ClCompile Include="C:\Users\ceej_\Documents\Libraries\archive\ogl\assimp-4.1.0\code\IFCReaderGen2.cpp">
      <Filter>IFC</Filter>
    </ClCompile>
    <ClCompile Include="C:\Users\ceej_\Documents\Libraries\archive\ogl\assimp-4.1.0\code\IFCUtil.cpp">
      <Filter>IFC</Filter>
    </ClCompile>
    <ClCompile Include="C:\Users\ceej_\Documents\Libraries\archive\ogl\assimp-4.1.0\code\IFCGeometry.cpp">
      <Filter>IFC</Filter>
    </ClCompile>
    <ClCompile Include="C:\Users\ceej_\Documents\Libraries\archive\ogl\assimp-4.1.0\code\IFCMaterial.cpp">
      <Filter>IFC</Filter>
    </ClCompile>
    <ClCompile Include="C:\Users\ceej_\Documents\Libraries\archive\ogl\assimp-4.1.0\code\IFCProfile.cpp">
      <Filter>IFC</Filter>
    </ClCompile>
    <ClCompile Include="C:\Users\ceej_\Documents\Libraries\archive\ogl\assimp-4.1.0\code\IFCCurve.cpp">
      <Filter>IFC</Filter>
    </ClCompile>
    <ClCompile Include="C:\Users\ceej_\Documents\Libraries\archive\ogl\assimp-4.1.0\code\IFCBoolean.cpp">
      <Filter>IFC</Filter>
    </ClCompile>
    <ClCompile Include="C:\Users\ceej_\Documents\Libraries\archive\ogl\assimp-4.1.0\code\IFCOpenings.cpp">
      <Filter>IFC</Filter>
    </ClCompile>
    <ClCompile Include="C:\Users\ceej_\Documents\Libraries\archive\ogl\assimp-4.1.0\code\STEPFileReader.cpp">
      <Filter>IFC</Filter>
    </ClCompile>
    <ClCompile Include="C:\Users\ceej_\Documents\Libraries\archive\ogl\assimp-4.1.0\code\STEPFileEncoding.cpp">
      <Filter>IFC</Filter>
    </ClCompile>
    <ClCompile Include="C:\Users\ceej_\Documents\Libraries\archive\ogl\assimp-4.1.0\code\XGLLoader.cpp">
      <Filter>XGL</Filter>
    </ClCompile>
    <ClCompile Include="C:\Users\ceej_\Documents\Libraries\archive\ogl\assimp-4.1.0\code\FBXImporter.cpp">
      <Filter>FBX</Filter>
    </ClCompile>
    <ClCompile Include="C:\Users\ceej_\Documents\Libraries\archive\ogl\assimp-4.1.0\code\FBXParser.cpp">
      <Filter>FBX</Filter>
    </ClCompile>
    <ClCompile Include="C:\Users\ceej_\Documents\Libraries\archive\ogl\assimp-4.1.0\code\FBXTokenizer.cpp">
      <Filter>FBX</Filter>
    </ClCompile>
    <ClCompile Include="C:\Users\ceej_\Documents\Libraries\archive\ogl\assimp-4.1.0\code\FBXConverter.cpp">
      <Filter>FBX</Filter>
    </ClCompile>
    <ClCompile Include="C:\Users\ceej_\Documents\Libraries\archive\ogl\assimp-4.1.0\code\FBXUtil.cpp">
      <Filter>FBX</Filter>
    </ClCompile>
    <ClCompile Include="C:\Users\ceej_\Documents\Libraries\archive\ogl\assimp-4.1.0\code\FBXDocument.cpp">
      <Filter>FBX</Filter>
    </ClCompile>
    <ClCompile Include="C:\Users\ceej_\Documents\Libraries\archive\ogl\assimp-4.1.0\code\FBXProperties.cpp">
      <Filter>FBX</Filter>
    </ClCompile>
    <ClCompile Include="C:\Users\ceej_\Documents\Libraries\archive\ogl\assimp-4.1.0\code\FBXMeshGeometry.cpp">
      <Filter>FBX</Filter>
    </ClCompile>
    <ClCompile Include="C:\Users\ceej_\Documents\Libraries\archive\ogl\assimp-4.1.0\code\FBXMaterial.cpp">
      <Filter>FBX</Filter>
    </ClCompile>
    <ClCompile Include="C:\Users\ceej_\Documents\Libraries\archive\ogl\assimp-4.1.0\code\FBXModel.cpp">
      <Filter>FBX</Filter>
    </ClCompile>
    <ClCompile Include="C:\Users\ceej_\Documents\Libraries\archive\ogl\assimp-4.1.0\code\FBXAnimation.cpp">
      <Filter>FBX</Filter>
    </ClCompile>
    <ClCompile Include="C:\Users\ceej_\Documents\Libraries\archive\ogl\assimp-4.1.0\code\FBXNodeAttribute.cpp">
      <Filter>FBX</Filter>
    </ClCompile>
    <ClCompile Include="C:\Users\ceej_\Documents\Libraries\archive\ogl\assimp-4.1.0\code\FBXDeformer.cpp">
      <Filter>FBX</Filter>
    </ClCompile>
    <ClCompile Include="C:\Users\ceej_\Documents\Libraries\archive\ogl\assimp-4.1.0\code\FBXBinaryTokenizer.cpp">
      <Filter>FBX</Filter>
    </ClCompile>
    <ClCompile Include="C:\Users\ceej_\Documents\Libraries\archive\ogl\assimp-4.1.0\code\FBXDocumentUtil.cpp">
      <Filter>FBX</Filter>
    </ClCompile>
    <ClCompile Include="C:\Users\ceej_\Documents\Libraries\archive\ogl\assimp-4.1.0\code\Q3DLoader.cpp">
      <Filter>Q3D</Filter>
    </ClCompile>
    <ClCompile Include="C:\Users\ceej_\Documents\Libraries\archive\ogl\assimp-4.1.0\code\Q3BSPFileParser.cpp">
      <Filter>Q3BSP</Filter>
    </ClCompile>
    <ClCompile Include="C:\Users\ceej_\Documents\Libraries\archive\ogl\assimp-4.1.0\code\Q3BSPFileImporter.cpp">
      <Filter>Q3BSP</Filter>
    </ClCompile>
    <ClCompile Include="C:\Users\ceej_\Documents\Libraries\archive\ogl\assimp-4.1.0\code\Q3BSPZipArchive.cpp">
      <Filter>Q3BSP</Filter>
    </ClCompile>
    <ClCompile Include="C:\Users\ceej_\Documents\Libraries\archive\ogl\assimp-4.1.0\code\RawLoader.cpp">
      <Filter>RAW</Filter>
    </ClCompile>
    <ClCompile Include="C:\Users\ceej_\Documents\Libraries\archive\ogl\assimp-4.1.0\code\SIBImporter.cpp">
      <Filter>SIB</Filter>
    </ClCompile>
    <ClCompile Include="C:\Users\ceej_\Documents\Libraries\archive\ogl\assimp-4.1.0\code\SMDLoader.cpp">
      <Filter>SMD</Filter>
    </ClCompile>
    <ClCompile Include="C:\Users\ceej_\Documents\Libraries\archive\ogl\assimp-4.1.0\code\STLLoader.cpp">
      <Filter>STL</Filter>
    </ClCompile>
    <ClCompile Include="C:\Users\ceej_\Documents\Libraries\archive\ogl\assimp-4.1.0\code\STLExporter.cpp">
      <Filter>STL</Filter>
    </ClCompile>
    <ClCompile Include="C:\Users\ceej_\Documents\Libraries\archive\ogl\assimp-4.1.0\code\TerragenLoader.cpp">
      <Filter>TERRAGEN</Filter>
    </ClCompile>
    <ClCompile Include="C:\Users\ceej_\Documents\Libraries\archive\ogl\assimp-4.1.0\code\UnrealLoader.cpp">
      <Filter>3D</Filter>
    </ClCompile>
    <ClCompile Include="C:\Users\ceej_\Documents\Libraries\archive\ogl\assimp-4.1.0\code\XFileImporter.cpp">
      <Filter>X</Filter>
    </ClCompile>
    <ClCompile Include="C:\Users\ceej_\Documents\Libraries\archive\ogl\assimp-4.1.0\code\XFileParser.cpp">
      <Filter>X</Filter>
    </ClCompile>
    <ClCompile Include="C:\Users\ceej_\Documents\Libraries\archive\ogl\assimp-4.1.0\code\XFileExporter.cpp">
      <Filter>X</Filter>
    </ClCompile>
    <ClCompile Include="C:\Users\ceej_\Documents\Libraries\archive\ogl\assimp-4.1.0\code\X3DExporter.cpp">
      <Filter>X3D</Filter>
    </ClCompile>
    <ClCompile Include="C:\Users\ceej_\Documents\Libraries\archive\ogl\assimp-4.1.0\code\X3DImporter.cpp">
      <Filter>X3D</Filter>
    </ClCompile>
    <ClCompile Include="C:\Users\ceej_\Documents\Libraries\archive\ogl\assimp-4.1.0\code\X3DImporter_Geometry2D.cpp">
      <Filter>X3D</Filter>
    </ClCompile>
    <ClCompile Include="C:\Users\ceej_\Documents\Libraries\archive\ogl\assimp-4.1.0\code\X3DImporter_Geometry3D.cpp">
      <Filter>X3D</Filter>
    </ClCompile>
    <ClCompile Include="C:\Users\ceej_\Documents\Libraries\archive\ogl\assimp-4.1.0\code\X3DImporter_Group.cpp">
      <Filter>X3D</Filter>
    </ClCompile>
    <ClCompile Include="C:\Users\ceej_\Documents\Libraries\archive\ogl\assimp-4.1.0\code\X3DImporter_Light.cpp">
      <Filter>X3D</Filter>
    </ClCompile>
    <ClCompile Include="C:\Users\ceej_\Documents\Libraries\archive\ogl\assimp-4.1.0\code\X3DImporter_Metadata.cpp">
      <Filter>X3D</Filter>
    </ClCompile>
    <ClCompile Include="C:\Users\ceej_\Documents\Libraries\archive\ogl\assimp-4.1.0\code\X3DImporter_Networking.cpp">
      <Filter>X3D</Filter>
    </ClCompile>
    <ClCompile Include="C:\Users\ceej_\Documents\Libraries\archive\ogl\assimp-4.1.0\code\X3DImporter_Postprocess.cpp">
      <Filter>X3D</Filter>
    </ClCompile>
    <ClCompile Include="C:\Users\ceej_\Documents\Libraries\archive\ogl\assimp-4.1.0\code\X3DImporter_Rendering.cpp">
      <Filter>X3D</Filter>
    </ClCompile>
    <ClCompile Include="C:\Users\ceej_\Documents\Libraries\archive\ogl\assimp-4.1.0\code\X3DImporter_Shape.cpp">
      <Filter>X3D</Filter>
    </ClCompile>
    <ClCompile Include="C:\Users\ceej_\Documents\Libraries\archive\ogl\assimp-4.1.0\code\X3DImporter_Texturing.cpp">
      <Filter>X3D</Filter>
    </ClCompile>
    <ClCompile Include="C:\Users\ceej_\Documents\Libraries\archive\ogl\assimp-4.1.0\code\FIReader.cpp">
      <Filter>X3D</Filter>
    </ClCompile>
    <ClCompile Include="C:\Users\ceej_\Documents\Libraries\archive\ogl\assimp-4.1.0\code\X3DVocabulary.cpp">
      <Filter>X3D</Filter>
    </ClCompile>
    <ClCompile Include="C:\Users\ceej_\Documents\Libraries\archive\ogl\assimp-4.1.0\code\glTFImporter.cpp">
      <Filter>GLTF</Filter>
    </ClCompile>
    <ClCompile Include="C:\Users\ceej_\Documents\Libraries\archive\ogl\assimp-4.1.0\code\glTFExporter.cpp">
      <Filter>GLTF</Filter>
    </ClCompile>
    <ClCompile Include="C:\Users\ceej_\Documents\Libraries\archive\ogl\assimp-4.1.0\code\glTF2Importer.cpp">
      <Filter>GLTF</Filter>
    </ClCompile>
    <ClCompile Include="C:\Users\ceej_\Documents\Libraries\archive\ogl\assimp-4.1.0\code\glTF2Exporter.cpp">
      <Filter>GLTF</Filter>
    </ClCompile>
    <ClCompile Include="C:\Users\ceej_\Documents\Libraries\archive\ogl\assimp-4.1.0\code\D3MFImporter.cpp">
      <Filter>3MF</Filter>
    </ClCompile>
    <ClCompile Include="C:\Users\ceej_\Documents\Libraries\archive\ogl\assimp-4.1.0\code\D3MFExporter.cpp">
      <Filter>3MF</Filter>
    </ClCompile>
    <ClCompile Include="C:\Users\ceej_\Documents\Libraries\archive\ogl\assimp-4.1.0\code\D3MFOpcPackage.cpp">
      <Filter>3MF</Filter>
    </ClCompile>
    <ClCompile Include="C:\Users\ceej_\Documents\Libraries\archive\ogl\assimp-4.1.0\code\MMDImporter.cpp">
      <Filter>MMD</Filter>
    </ClCompile>
    <ClCompile Include="C:\Users\ceej_\Documents\Libraries\archive\ogl\assimp-4.1.0\code\MMDPmxParser.cpp">
      <Filter>MMD</Filter>
    </ClCompile>
    <ClCompile Include="C:\Users\ceej_\Documents\Libraries\archive\ogl\assimp-4.1.0\contrib\unzip\ioapi.c">
      <Filter>unzip</Filter>
    </ClCompile>
    <ClCompile Include="C:\Users\ceej_\Documents\Libraries\archive\ogl\assimp-4.1.0\contrib\unzip\unzip.c">
      <Filter>unzip</Filter>
    </ClCompile>
    <ClCompile Include="C:\Users\ceej_\Documents\Libraries\archive\ogl\assimp-4.1.0\contrib\poly2tri\poly2tri\common\shapes.cc">
      <Filter>Poly2Tri</Filter>
    </ClCompile>
    <ClCompile Include="C:\Users\ceej_\Documents\Libraries\archive\ogl\assimp-4.1.0\contrib\poly2tri\poly2tri\sweep\advancing_front.cc">
      <Filter>Poly2Tri</Filter>
    </ClCompile>
    <ClCompile Include="C:\Users\ceej_\Documents\Libraries\archive\ogl\assimp-4.1.0\contrib\poly2tri\poly2tri\sweep\cdt.cc">
      <Filter>Poly2Tri</Filter>
    </ClCompile>
    <ClCompile Include="C:\Users\ceej_\Documents\Libraries\archive\ogl\assimp-4.1.0\contrib\poly2tri\poly2tri\sweep\sweep.cc">
      <Filter>Poly2Tri</Filter>
    </ClCompile>
    <ClCompile Include="C:\Users\ceej_\Documents\Libraries\archive\ogl\assimp-4.1.0\contrib\poly2tri\poly2tri\sweep\sweep_context.cc">
      <Filter>Poly2Tri</Filter>
    </ClCompile>
    <ClCompile Include="C:\Users\ceej_\Documents\Libraries\archive\ogl\assimp-4.1.0\contrib\clipper\clipper.cpp">
      <Filter>Clipper</Filter>
    </ClCompile>
    <ClCompile Include="C:\Users\ceej_\Documents\Libraries\archive\ogl\assimp-4.1.0\contrib\openddlparser\code\OpenDDLParser.cpp">
      <Filter>openddl_parser</Filter>
    </ClCompile>
    <ClCompile Include="C:\Users\ceej_\Documents\Libraries\archive\ogl\assimp-4.1.0\contrib\openddlparser\code\DDLNode.cpp">
      <Filter>openddl_parser</Filter>
    </ClCompile>
    <ClCompile Include="C:\Users\ceej_\Documents\Libraries\archive\ogl\assimp-4.1.0\contrib\openddlparser\code\OpenDDLCommon.cpp">
      <Filter>openddl_parser</Filter>
    </ClCompile>
    <ClCompile Include="C:\Users\ceej_\Documents\Libraries\archive\ogl\assimp-4.1.0\contrib\openddlparser\code\OpenDDLExport.cpp">
      <Filter>openddl_parser</Filter>
    </ClCompile>
    <ClCompile Include="C:\Users\ceej_\Documents\Libraries\archive\ogl\assimp-4.1.0\contrib\openddlparser\code\Value.cpp">
      <Filter>openddl_parser</Filter>
    </ClCompile>
    <ClCompile Include="C:\Users\ceej_\Documents\Libraries\archive\ogl\assimp-4.1.0\contrib\openddlparser\code\OpenDDLStream.cpp">
      <Filter>openddl_parser</Filter>
    </ClCompile>
    <ClCompile Include="C:\Users\ceej_\Documents\Libraries\archive\ogl\assimp-4.1.0\contrib\Open3DGC\o3dgcArithmeticCodec.cpp">
      <Filter>open3dgc</Filter>
    </ClCompile>
    <ClCompile Include="C:\Users\ceej_\Documents\Libraries\archive\ogl\assimp-4.1.0\contrib\Open3DGC\o3dgcDynamicVectorDecoder.cpp">
      <Filter>open3dgc</Filter>
    </ClCompile>
    <ClCompile Include="C:\Users\ceej_\Documents\Libraries\archive\ogl\assimp-4.1.0\contrib\Open3DGC\o3dgcDynamicVectorEncoder.cpp">
      <Filter>open3dgc</Filter>
    </ClCompile>
    <ClCompile Include="C:\Users\ceej_\Documents\Libraries\archive\ogl\assimp-4.1.0\contrib\Open3DGC\o3dgcTools.cpp">
      <Filter>open3dgc</Filter>
    </ClCompile>
    <ClCompile Include="C:\Users\ceej_\Documents\Libraries\archive\ogl\assimp-4.1.0\contrib\Open3DGC\o3dgcTriangleFans.cpp">
      <Filter>open3dgc</Filter>
    </ClCompile>
    <ClCompile Include="C:\Users\ceej_\Documents\Libraries\archive\ogl\assimp-4.1.0\contrib\zip\src\zip.c">
      <Filter>ziplib</Filter>
    </ClCompile>
  </ItemGroup>
  <ItemGroup>
    <ClInclude Include="C:\Users\ceej_\Documents\Libraries\archive\ogl\assimp-4.1.0\code\fast_atof.h">
      <Filter>Common</Filter>
    </ClInclude>
    <ClInclude Include="C:\Users\ceej_\Documents\Libraries\archive\ogl\assimp-4.1.0\code\qnan.h">
      <Filter>Common</Filter>
    </ClInclude>
    <ClInclude Include="C:\Users\ceej_\Documents\Libraries\archive\ogl\assimp-4.1.0\code\BaseImporter.h">
      <Filter>Common</Filter>
    </ClInclude>
    <ClInclude Include="C:\Users\ceej_\Documents\Libraries\archive\ogl\assimp-4.1.0\code\BaseProcess.h">
      <Filter>Common</Filter>
    </ClInclude>
    <ClInclude Include="C:\Users\ceej_\Documents\Libraries\archive\ogl\assimp-4.1.0\code\Importer.h">
      <Filter>Common</Filter>
    </ClInclude>
    <ClInclude Include="C:\Users\ceej_\Documents\Libraries\archive\ogl\assimp-4.1.0\code\ScenePrivate.h">
      <Filter>Common</Filter>
    </ClInclude>
    <ClInclude Include="C:\Users\ceej_\Documents\Libraries\archive\ogl\assimp-4.1.0\code\ByteSwapper.h">
      <Filter>Common</Filter>
    </ClInclude>
    <ClInclude Include="C:\Users\ceej_\Documents\Libraries\archive\ogl\assimp-4.1.0\code\DefaultProgressHandler.h">
      <Filter>Common</Filter>
    </ClInclude>
    <ClInclude Include="C:\Users\ceej_\Documents\Libraries\archive\ogl\assimp-4.1.0\code\CInterfaceIOWrapper.h">
      <Filter>Common</Filter>
    </ClInclude>
    <ClInclude Include="C:\Users\ceej_\Documents\Libraries\archive\ogl\assimp-4.1.0\code\Hash.h">
      <Filter>Common</Filter>
    </ClInclude>
    <ClInclude Include="C:\Users\ceej_\Documents\Libraries\archive\ogl\assimp-4.1.0\code\IFF.h">
      <Filter>Common</Filter>
    </ClInclude>
    <ClInclude Include="C:\Users\ceej_\Documents\Libraries\archive\ogl\assimp-4.1.0\code\MemoryIOWrapper.h">
      <Filter>Common</Filter>
    </ClInclude>
    <ClInclude Include="C:\Users\ceej_\Documents\Libraries\archive\ogl\assimp-4.1.0\code\ParsingUtils.h">
      <Filter>Common</Filter>
    </ClInclude>
    <ClInclude Include="C:\Users\ceej_\Documents\Libraries\archive\ogl\assimp-4.1.0\code\StreamReader.h">
      <Filter>Common</Filter>
    </ClInclude>
    <ClInclude Include="C:\Users\ceej_\Documents\Libraries\archive\ogl\assimp-4.1.0\code\StreamWriter.h">
      <Filter>Common</Filter>
    </ClInclude>
    <ClInclude Include="C:\Users\ceej_\Documents\Libraries\archive\ogl\assimp-4.1.0\code\StringComparison.h">
      <Filter>Common</Filter>
    </ClInclude>
    <ClInclude Include="C:\Users\ceej_\Documents\Libraries\archive\ogl\assimp-4.1.0\code\StringUtils.h">
      <Filter>Common</Filter>
    </ClInclude>
    <ClInclude Include="C:\Users\ceej_\Documents\Libraries\archive\ogl\assimp-4.1.0\code\SGSpatialSort.h">
      <Filter>Common</Filter>
    </ClInclude>
    <ClInclude Include="C:\Users\ceej_\Documents\Libraries\archive\ogl\assimp-4.1.0\code\VertexTriangleAdjacency.h">
      <Filter>Common</Filter>
    </ClInclude>
    <ClInclude Include="C:\Users\ceej_\Documents\Libraries\archive\ogl\assimp-4.1.0\code\GenericProperty.h">
      <Filter>Common</Filter>
    </ClInclude>
    <ClInclude Include="C:\Users\ceej_\Documents\Libraries\archive\ogl\assimp-4.1.0\code\SpatialSort.h">
      <Filter>Common</Filter>
    </ClInclude>
    <ClInclude Include="C:\Users\ceej_\Documents\Libraries\archive\ogl\assimp-4.1.0\code\ScenePreprocessor.h">
      <Filter>Common</Filter>
    </ClInclude>
    <ClInclude Include="C:\Users\ceej_\Documents\Libraries\archive\ogl\assimp-4.1.0\code\SkeletonMeshBuilder.h">
      <Filter>Common</Filter>
    </ClInclude>
    <ClInclude Include="C:\Users\ceej_\Documents\Libraries\archive\ogl\assimp-4.1.0\code\SplitByBoneCountProcess.h">
      <Filter>Common</Filter>
    </ClInclude>
    <ClInclude Include="C:\Users\ceej_\Documents\Libraries\archive\ogl\assimp-4.1.0\code\ScaleProcess.h">
      <Filter>Common</Filter>
    </ClInclude>
    <ClInclude Include="C:\Users\ceej_\Documents\Libraries\archive\ogl\assimp-4.1.0\code\SmoothingGroups.h">
      <Filter>Common</Filter>
    </ClInclude>
    <ClInclude Include="C:\Users\ceej_\Documents\Libraries\archive\ogl\assimp-4.1.0\code\StandardShapes.h">
      <Filter>Common</Filter>
    </ClInclude>
    <ClInclude Include="C:\Users\ceej_\Documents\Libraries\archive\ogl\assimp-4.1.0\code\TargetAnimation.h">
      <Filter>Common</Filter>
    </ClInclude>
    <ClInclude Include="C:\Users\ceej_\Documents\Libraries\archive\ogl\assimp-4.1.0\code\RemoveComments.h">
      <Filter>Common</Filter>
    </ClInclude>
    <ClInclude Include="C:\Users\ceej_\Documents\Libraries\archive\ogl\assimp-4.1.0\code\Subdivision.h">
      <Filter>Common</Filter>
    </ClInclude>
    <ClInclude Include="C:\Users\ceej_\Documents\Libraries\archive\ogl\assimp-4.1.0\code\Vertex.h">
      <Filter>Common</Filter>
    </ClInclude>
    <ClInclude Include="C:\Users\ceej_\Documents\Libraries\archive\ogl\assimp-4.1.0\code\LineSplitter.h">
      <Filter>Common</Filter>
    </ClInclude>
    <ClInclude Include="C:\Users\ceej_\Documents\Libraries\archive\ogl\assimp-4.1.0\code\TinyFormatter.h">
      <Filter>Common</Filter>
    </ClInclude>
    <ClInclude Include="C:\Users\ceej_\Documents\Libraries\archive\ogl\assimp-4.1.0\code\Profiler.h">
      <Filter>Common</Filter>
    </ClInclude>
    <ClInclude Include="C:\Users\ceej_\Documents\Libraries\archive\ogl\assimp-4.1.0\code\LogAux.h">
      <Filter>Common</Filter>
    </ClInclude>
    <ClInclude Include="C:\Users\ceej_\Documents\Libraries\archive\ogl\assimp-4.1.0\code\Bitmap.h">
      <Filter>Common</Filter>
    </ClInclude>
    <ClInclude Include="C:\Users\ceej_\Documents\Libraries\archive\ogl\assimp-4.1.0\code\XMLTools.h">
      <Filter>Common</Filter>
    </ClInclude>
    <ClInclude Include="C:\Users\ceej_\Documents\Libraries\archive\ogl\assimp-4.1.0\code\IOStreamBuffer.h">
      <Filter>Common</Filter>
    </ClInclude>
    <ClInclude Include="C:\Users\ceej_\Documents\Libraries\archive\ogl\assimp-4.1.0\code\CreateAnimMesh.h">
      <Filter>Common</Filter>
    </ClInclude>
    <ClInclude Include="C:\Users\ceej_\Documents\Libraries\archive\ogl\assimp-4.1.0\include\assimp\DefaultLogger.hpp">
      <Filter>Logging</Filter>
    </ClInclude>
    <ClInclude Include="C:\Users\ceej_\Documents\Libraries\archive\ogl\assimp-4.1.0\include\assimp\LogStream.hpp">
      <Filter>Logging</Filter>
    </ClInclude>
    <ClInclude Include="C:\Users\ceej_\Documents\Libraries\archive\ogl\assimp-4.1.0\include\assimp\Logger.hpp">
      <Filter>Logging</Filter>
    </ClInclude>
    <ClInclude Include="C:\Users\ceej_\Documents\Libraries\archive\ogl\assimp-4.1.0\include\assimp\NullLogger.hpp">
      <Filter>Logging</Filter>
    </ClInclude>
    <ClInclude Include="C:\Users\ceej_\Documents\Libraries\archive\ogl\assimp-4.1.0\code\Win32DebugLogStream.h">
      <Filter>Logging</Filter>
    </ClInclude>
    <ClInclude Include="C:\Users\ceej_\Documents\Libraries\archive\ogl\assimp-4.1.0\code\FileLogStream.h">
      <Filter>Logging</Filter>
    </ClInclude>
    <ClInclude Include="C:\Users\ceej_\Documents\Libraries\archive\ogl\assimp-4.1.0\code\StdOStreamLogStream.h">
      <Filter>Logging</Filter>
    </ClInclude>
    <ClInclude Include="C:\Users\ceej_\Documents\Libraries\archive\ogl\assimp-4.1.0\code\BlobIOSystem.h">
      <Filter>Exporter</Filter>
    </ClInclude>
    <ClInclude Include="C:\Users\ceej_\Documents\Libraries\archive\ogl\assimp-4.1.0\code\CalcTangentsProcess.h">
      <Filter>PostProcessing</Filter>
    </ClInclude>
    <ClInclude Include="C:\Users\ceej_\Documents\Libraries\archive\ogl\assimp-4.1.0\code\ComputeUVMappingProcess.h">
      <Filter>PostProcessing</Filter>
    </ClInclude>
    <ClInclude Include="C:\Users\ceej_\Documents\Libraries\archive\ogl\assimp-4.1.0\code\ConvertToLHProcess.h">
      <Filter>PostProcessing</Filter>
    </ClInclude>
    <ClInclude Include="C:\Users\ceej_\Documents\Libraries\archive\ogl\assimp-4.1.0\code\FindDegenerates.h">
      <Filter>PostProcessing</Filter>
    </ClInclude>
    <ClInclude Include="C:\Users\ceej_\Documents\Libraries\archive\ogl\assimp-4.1.0\code\FindInstancesProcess.h">
      <Filter>PostProcessing</Filter>
    </ClInclude>
    <ClInclude Include="C:\Users\ceej_\Documents\Libraries\archive\ogl\assimp-4.1.0\code\FindInvalidDataProcess.h">
      <Filter>PostProcessing</Filter>
    </ClInclude>
    <ClInclude Include="C:\Users\ceej_\Documents\Libraries\archive\ogl\assimp-4.1.0\code\FixNormalsStep.h">
      <Filter>PostProcessing</Filter>
    </ClInclude>
    <ClInclude Include="C:\Users\ceej_\Documents\Libraries\archive\ogl\assimp-4.1.0\code\GenFaceNormalsProcess.h">
      <Filter>PostProcessing</Filter>
    </ClInclude>
    <ClInclude Include="C:\Users\ceej_\Documents\Libraries\archive\ogl\assimp-4.1.0\code\GenVertexNormalsProcess.h">
      <Filter>PostProcessing</Filter>
    </ClInclude>
    <ClInclude Include="C:\Users\ceej_\Documents\Libraries\archive\ogl\assimp-4.1.0\code\PretransformVertices.h">
      <Filter>PostProcessing</Filter>
    </ClInclude>
    <ClInclude Include="C:\Users\ceej_\Documents\Libraries\archive\ogl\assimp-4.1.0\code\ImproveCacheLocality.h">
      <Filter>PostProcessing</Filter>
    </ClInclude>
    <ClInclude Include="C:\Users\ceej_\Documents\Libraries\archive\ogl\assimp-4.1.0\code\JoinVerticesProcess.h">
      <Filter>PostProcessing</Filter>
    </ClInclude>
    <ClInclude Include="C:\Users\ceej_\Documents\Libraries\archive\ogl\assimp-4.1.0\code\LimitBoneWeightsProcess.h">
      <Filter>PostProcessing</Filter>
    </ClInclude>
    <ClInclude Include="C:\Users\ceej_\Documents\Libraries\archive\ogl\assimp-4.1.0\code\RemoveRedundantMaterials.h">
      <Filter>PostProcessing</Filter>
    </ClInclude>
    <ClInclude Include="C:\Users\ceej_\Documents\Libraries\archive\ogl\assimp-4.1.0\code\RemoveVCProcess.h">
      <Filter>PostProcessing</Filter>
    </ClInclude>
    <ClInclude Include="C:\Users\ceej_\Documents\Libraries\archive\ogl\assimp-4.1.0\code\SortByPTypeProcess.h">
      <Filter>PostProcessing</Filter>
    </ClInclude>
    <ClInclude Include="C:\Users\ceej_\Documents\Libraries\archive\ogl\assimp-4.1.0\code\SplitLargeMeshes.h">
      <Filter>PostProcessing</Filter>
    </ClInclude>
    <ClInclude Include="C:\Users\ceej_\Documents\Libraries\archive\ogl\assimp-4.1.0\code\TextureTransform.h">
      <Filter>PostProcessing</Filter>
    </ClInclude>
    <ClInclude Include="C:\Users\ceej_\Documents\Libraries\archive\ogl\assimp-4.1.0\code\TriangulateProcess.h">
      <Filter>PostProcessing</Filter>
    </ClInclude>
    <ClInclude Include="C:\Users\ceej_\Documents\Libraries\archive\ogl\assimp-4.1.0\code\ValidateDataStructure.h">
      <Filter>PostProcessing</Filter>
    </ClInclude>
    <ClInclude Include="C:\Users\ceej_\Documents\Libraries\archive\ogl\assimp-4.1.0\code\OptimizeGraph.h">
      <Filter>PostProcessing</Filter>
    </ClInclude>
    <ClInclude Include="C:\Users\ceej_\Documents\Libraries\archive\ogl\assimp-4.1.0\code\OptimizeMeshes.h">
      <Filter>PostProcessing</Filter>
    </ClInclude>
    <ClInclude Include="C:\Users\ceej_\Documents\Libraries\archive\ogl\assimp-4.1.0\code\DeboneProcess.h">
      <Filter>PostProcessing</Filter>
    </ClInclude>
    <ClInclude Include="C:\Users\ceej_\Documents\Libraries\archive\ogl\assimp-4.1.0\code\ProcessHelper.h">
      <Filter>PostProcessing</Filter>
    </ClInclude>
    <ClInclude Include="C:\Users\ceej_\Documents\Libraries\archive\ogl\assimp-4.1.0\code\PolyTools.h">
      <Filter>PostProcessing</Filter>
    </ClInclude>
    <ClInclude Include="C:\Users\ceej_\Documents\Libraries\archive\ogl\assimp-4.1.0\code\MakeVerboseFormat.h">
      <Filter>PostProcessing</Filter>
    </ClInclude>
    <ClInclude Include="C:\Users\ceej_\Documents\Libraries\archive\ogl\assimp-4.1.0\code\MaterialSystem.h">
      <Filter>MaterialSystem</Filter>
    </ClInclude>
    <ClInclude Include="C:\Users\ceej_\Documents\Libraries\archive\ogl\assimp-4.1.0\code\StepExporter.h">
      <Filter>Step</Filter>
    </ClInclude>
    <ClInclude Include="C:\Users\ceej_\Documents\Libraries\archive\ogl\assimp-4.1.0\code\AMFImporter.hpp">
      <Filter>AMF</Filter>
    </ClInclude>
    <ClInclude Include="C:\Users\ceej_\Documents\Libraries\archive\ogl\assimp-4.1.0\code\AMFImporter_Macro.hpp">
      <Filter>AMF</Filter>
    </ClInclude>
    <ClInclude Include="C:\Users\ceej_\Documents\Libraries\archive\ogl\assimp-4.1.0\code\AMFImporter_Node.hpp">
      <Filter>AMF</Filter>
    </ClInclude>
    <ClInclude Include="C:\Users\ceej_\Documents\Libraries\archive\ogl\assimp-4.1.0\code\3DSHelper.h">
      <Filter>3DS</Filter>
    </ClInclude>
    <ClInclude Include="C:\Users\ceej_\Documents\Libraries\archive\ogl\assimp-4.1.0\code\3DSLoader.h">
      <Filter>3DS</Filter>
    </ClInclude>
    <ClInclude Include="C:\Users\ceej_\Documents\Libraries\archive\ogl\assimp-4.1.0\code\3DSExporter.h">
      <Filter>3DS</Filter>
    </ClInclude>
    <ClInclude Include="C:\Users\ceej_\Documents\Libraries\archive\ogl\assimp-4.1.0\code\ACLoader.h">
      <Filter>AC</Filter>
    </ClInclude>
    <ClInclude Include="C:\Users\ceej_\Documents\Libraries\archive\ogl\assimp-4.1.0\code\ASELoader.h">
      <Filter>ASE</Filter>
    </ClInclude>
    <ClInclude Include="C:\Users\ceej_\Documents\Libraries\archive\ogl\assimp-4.1.0\code\ASEParser.h">
      <Filter>ASE</Filter>
    </ClInclude>
    <ClInclude Include="C:\Users\ceej_\Documents\Libraries\archive\ogl\assimp-4.1.0\code\AssbinExporter.h">
      <Filter>ASSBIN</Filter>
    </ClInclude>
    <ClInclude Include="C:\Users\ceej_\Documents\Libraries\archive\ogl\assimp-4.1.0\code\AssbinLoader.h">
      <Filter>ASSBIN</Filter>
    </ClInclude>
    <ClInclude Include="C:\Users\ceej_\Documents\Libraries\archive\ogl\assimp-4.1.0\code\AssxmlExporter.h">
      <Filter>ASSXML</Filter>
    </ClInclude>
    <ClInclude Include="C:\Users\ceej_\Documents\Libraries\archive\ogl\assimp-4.1.0\code\B3DImporter.h">
      <Filter>B3D</Filter>
    </ClInclude>
    <ClInclude Include="C:\Users\ceej_\Documents\Libraries\archive\ogl\assimp-4.1.0\code\BVHLoader.h">
      <Filter>BVH</Filter>
    </ClInclude>
    <ClInclude Include="C:\Users\ceej_\Documents\Libraries\archive\ogl\assimp-4.1.0\code\ColladaHelper.h">
      <Filter>COLLADA</Filter>
    </ClInclude>
    <ClInclude Include="C:\Users\ceej_\Documents\Libraries\archive\ogl\assimp-4.1.0\code\ColladaLoader.h">
      <Filter>COLLADA</Filter>
    </ClInclude>
    <ClInclude Include="C:\Users\ceej_\Documents\Libraries\archive\ogl\assimp-4.1.0\code\ColladaParser.h">
      <Filter>COLLADA</Filter>
    </ClInclude>
    <ClInclude Include="C:\Users\ceej_\Documents\Libraries\archive\ogl\assimp-4.1.0\code\ColladaExporter.h">
      <Filter>COLLADA</Filter>
    </ClInclude>
    <ClInclude Include="C:\Users\ceej_\Documents\Libraries\archive\ogl\assimp-4.1.0\code\DXFLoader.h">
      <Filter>DXF</Filter>
    </ClInclude>
    <ClInclude Include="C:\Users\ceej_\Documents\Libraries\archive\ogl\assimp-4.1.0\code\DXFHelper.h">
      <Filter>DXF</Filter>
    </ClInclude>
    <ClInclude Include="C:\Users\ceej_\Documents\Libraries\archive\ogl\assimp-4.1.0\code\CSMLoader.h">
      <Filter>CSM</Filter>
    </ClInclude>
    <ClInclude Include="C:\Users\ceej_\Documents\Libraries\archive\ogl\assimp-4.1.0\code\HMPFileData.h">
      <Filter>HMP</Filter>
    </ClInclude>
    <ClInclude Include="C:\Users\ceej_\Documents\Libraries\archive\ogl\assimp-4.1.0\code\HMPLoader.h">
      <Filter>HMP</Filter>
    </ClInclude>
    <ClInclude Include="C:\Users\ceej_\Documents\Libraries\archive\ogl\assimp-4.1.0\code\HalfLifeFileData.h">
      <Filter>HMP</Filter>
    </ClInclude>
    <ClInclude Include="C:\Users\ceej_\Documents\Libraries\archive\ogl\assimp-4.1.0\code\IRRMeshLoader.h">
      <Filter>IRRMESH</Filter>
    </ClInclude>
    <ClInclude Include="C:\Users\ceej_\Documents\Libraries\archive\ogl\assimp-4.1.0\code\IRRShared.h">
      <Filter>IRR</Filter>
    </ClInclude>
    <ClInclude Include="C:\Users\ceej_\Documents\Libraries\archive\ogl\assimp-4.1.0\code\IRRLoader.h">
      <Filter>IRR</Filter>
    </ClInclude>
    <ClInclude Include="C:\Users\ceej_\Documents\Libraries\archive\ogl\assimp-4.1.0\code\LWOAnimation.h">
      <Filter>LWO</Filter>
    </ClInclude>
    <ClInclude Include="C:\Users\ceej_\Documents\Libraries\archive\ogl\assimp-4.1.0\code\LWOFileData.h">
      <Filter>LWO</Filter>
    </ClInclude>
    <ClInclude Include="C:\Users\ceej_\Documents\Libraries\archive\ogl\assimp-4.1.0\code\LWOLoader.h">
      <Filter>LWO</Filter>
    </ClInclude>
    <ClInclude Include="C:\Users\ceej_\Documents\Libraries\archive\ogl\assimp-4.1.0\code\LWSLoader.h">
      <Filter>LWS</Filter>
    </ClInclude>
    <ClInclude Include="C:\Users\ceej_\Documents\Libraries\archive\ogl\assimp-4.1.0\code\MD2FileData.h">
      <Filter>MD2</Filter>
    </ClInclude>
    <ClInclude Include="C:\Users\ceej_\Documents\Libraries\archive\ogl\assimp-4.1.0\code\MD2Loader.h">
      <Filter>MD2</Filter>
    </ClInclude>
    <ClInclude Include="C:\Users\ceej_\Documents\Libraries\archive\ogl\assimp-4.1.0\code\MD2NormalTable.h">
      <Filter>MD2</Filter>
    </ClInclude>
    <ClInclude Include="C:\Users\ceej_\Documents\Libraries\archive\ogl\assimp-4.1.0\code\MD3FileData.h">
      <Filter>MD3</Filter>
    </ClInclude>
    <ClInclude Include="C:\Users\ceej_\Documents\Libraries\archive\ogl\assimp-4.1.0\code\MD3Loader.h">
      <Filter>MD3</Filter>
    </ClInclude>
    <ClInclude Include="C:\Users\ceej_\Documents\Libraries\archive\ogl\assimp-4.1.0\code\MD5Loader.h">
      <Filter>MD5</Filter>
    </ClInclude>
    <ClInclude Include="C:\Users\ceej_\Documents\Libraries\archive\ogl\assimp-4.1.0\code\MD5Parser.h">
      <Filter>MD5</Filter>
    </ClInclude>
    <ClInclude Include="C:\Users\ceej_\Documents\Libraries\archive\ogl\assimp-4.1.0\code\MDCFileData.h">
      <Filter>MDC</Filter>
    </ClInclude>
    <ClInclude Include="C:\Users\ceej_\Documents\Libraries\archive\ogl\assimp-4.1.0\code\MDCLoader.h">
      <Filter>MDC</Filter>
    </ClInclude>
    <ClInclude Include="C:\Users\ceej_\Documents\Libraries\archive\ogl\assimp-4.1.0\code\MDCNormalTable.h">
      <Filter>MDC</Filter>
    </ClInclude>
    <ClInclude Include="C:\Users\ceej_\Documents\Libraries\archive\ogl\assimp-4.1.0\code\MDLDefaultColorMap.h">
      <Filter>MDL</Filter>
    </ClInclude>
    <ClInclude Include="C:\Users\ceej_\Documents\Libraries\archive\ogl\assimp-4.1.0\code\MDLFileData.h">
      <Filter>MDL</Filter>
    </ClInclude>
    <ClInclude Include="C:\Users\ceej_\Documents\Libraries\archive\ogl\assimp-4.1.0\code\MDLLoader.h">
      <Filter>MDL</Filter>
    </ClInclude>
    <ClInclude Include="C:\Users\ceej_\Documents\Libraries\archive\ogl\assimp-4.1.0\code\NFFLoader.h">
      <Filter>NFF</Filter>
    </ClInclude>
    <ClInclude Include="C:\Users\ceej_\Documents\Libraries\archive\ogl\assimp-4.1.0\code\NDOLoader.h">
      <Filter>NDO</Filter>
    </ClInclude>
    <ClInclude Include="C:\Users\ceej_\Documents\Libraries\archive\ogl\assimp-4.1.0\code\OFFLoader.h">
      <Filter>OFF</Filter>
    </ClInclude>
    <ClInclude Include="C:\Users\ceej_\Documents\Libraries\archive\ogl\assimp-4.1.0\code\ObjFileData.h">
      <Filter>OBJ</Filter>
    </ClInclude>
    <ClInclude Include="C:\Users\ceej_\Documents\Libraries\archive\ogl\assimp-4.1.0\code\ObjFileImporter.h">
      <Filter>OBJ</Filter>
    </ClInclude>
    <ClInclude Include="C:\Users\ceej_\Documents\Libraries\archive\ogl\assimp-4.1.0\code\ObjFileMtlImporter.h">
      <Filter>OBJ</Filter>
    </ClInclude>
    <ClInclude Include="C:\Users\ceej_\Documents\Libraries\archive\ogl\assimp-4.1.0\code\ObjFileParser.h">
      <Filter>OBJ</Filter>
    </ClInclude>
    <ClInclude Include="C:\Users\ceej_\Documents\Libraries\archive\ogl\assimp-4.1.0\code\ObjTools.h">
      <Filter>OBJ</Filter>
    </ClInclude>
    <ClInclude Include="C:\Users\ceej_\Documents\Libraries\archive\ogl\assimp-4.1.0\code\ObjExporter.h">
      <Filter>OBJ</Filter>
    </ClInclude>
    <ClInclude Include="C:\Users\ceej_\Documents\Libraries\archive\ogl\assimp-4.1.0\code\OgreImporter.h">
      <Filter>OGRE</Filter>
    </ClInclude>
    <ClInclude Include="C:\Users\ceej_\Documents\Libraries\archive\ogl\assimp-4.1.0\code\OgreStructs.h">
      <Filter>OGRE</Filter>
    </ClInclude>
    <ClInclude Include="C:\Users\ceej_\Documents\Libraries\archive\ogl\assimp-4.1.0\code\OgreParsingUtils.h">
      <Filter>OGRE</Filter>
    </ClInclude>
    <ClInclude Include="C:\Users\ceej_\Documents\Libraries\archive\ogl\assimp-4.1.0\code\OgreBinarySerializer.h">
      <Filter>OGRE</Filter>
    </ClInclude>
    <ClInclude Include="C:\Users\ceej_\Documents\Libraries\archive\ogl\assimp-4.1.0\code\OgreXmlSerializer.h">
      <Filter>OGRE</Filter>
    </ClInclude>
    <ClInclude Include="C:\Users\ceej_\Documents\Libraries\archive\ogl\assimp-4.1.0\code\OpenGEXExporter.h">
      <Filter>OPENGEX</Filter>
    </ClInclude>
    <ClInclude Include="C:\Users\ceej_\Documents\Libraries\archive\ogl\assimp-4.1.0\code\OpenGEXImporter.h">
      <Filter>OPENGEX</Filter>
    </ClInclude>
    <ClInclude Include="C:\Users\ceej_\Documents\Libraries\archive\ogl\assimp-4.1.0\code\OpenGEXStructs.h">
      <Filter>OPENGEX</Filter>
    </ClInclude>
    <ClInclude Include="C:\Users\ceej_\Documents\Libraries\archive\ogl\assimp-4.1.0\code\PlyLoader.h">
      <Filter>PLY</Filter>
    </ClInclude>
    <ClInclude Include="C:\Users\ceej_\Documents\Libraries\archive\ogl\assimp-4.1.0\code\PlyParser.h">
      <Filter>PLY</Filter>
    </ClInclude>
    <ClInclude Include="C:\Users\ceej_\Documents\Libraries\archive\ogl\assimp-4.1.0\code\PlyExporter.h">
      <Filter>PLY</Filter>
    </ClInclude>
    <ClInclude Include="C:\Users\ceej_\Documents\Libraries\archive\ogl\assimp-4.1.0\code\MS3DLoader.h">
      <Filter>MS3D</Filter>
    </ClInclude>
    <ClInclude Include="C:\Users\ceej_\Documents\Libraries\archive\ogl\assimp-4.1.0\code\COBLoader.h">
      <Filter>COB</Filter>
    </ClInclude>
    <ClInclude Include="C:\Users\ceej_\Documents\Libraries\archive\ogl\assimp-4.1.0\code\COBScene.h">
      <Filter>COB</Filter>
    </ClInclude>
    <ClInclude Include="C:\Users\ceej_\Documents\Libraries\archive\ogl\assimp-4.1.0\code\BlenderLoader.h">
      <Filter>BLEND</Filter>
    </ClInclude>
    <ClInclude Include="C:\Users\ceej_\Documents\Libraries\archive\ogl\assimp-4.1.0\code\BlenderDNA.h">
      <Filter>BLEND</Filter>
    </ClInclude>
    <ClInclude Include="C:\Users\ceej_\Documents\Libraries\archive\ogl\assimp-4.1.0\code\BlenderDNA.inl">
      <Filter>BLEND</Filter>
    </ClInclude>
    <ClInclude Include="C:\Users\ceej_\Documents\Libraries\archive\ogl\assimp-4.1.0\code\BlenderScene.h">
      <Filter>BLEND</Filter>
    </ClInclude>
    <ClInclude Include="C:\Users\ceej_\Documents\Libraries\archive\ogl\assimp-4.1.0\code\BlenderSceneGen.h">
      <Filter>BLEND</Filter>
    </ClInclude>
    <ClInclude Include="C:\Users\ceej_\Documents\Libraries\archive\ogl\assimp-4.1.0\code\BlenderIntermediate.h">
      <Filter>BLEND</Filter>
    </ClInclude>
    <ClInclude Include="C:\Users\ceej_\Documents\Libraries\archive\ogl\assimp-4.1.0\code\BlenderModifier.h">
      <Filter>BLEND</Filter>
    </ClInclude>
    <ClInclude Include="C:\Users\ceej_\Documents\Libraries\archive\ogl\assimp-4.1.0\code\BlenderBMesh.h">
      <Filter>BLEND</Filter>
    </ClInclude>
    <ClInclude Include="C:\Users\ceej_\Documents\Libraries\archive\ogl\assimp-4.1.0\code\BlenderTessellator.h">
      <Filter>BLEND</Filter>
    </ClInclude>
    <ClInclude Include="C:\Users\ceej_\Documents\Libraries\archive\ogl\assimp-4.1.0\code\IFCLoader.h">
      <Filter>IFC</Filter>
    </ClInclude>
    <ClInclude Include="C:\Users\ceej_\Documents\Libraries\archive\ogl\assimp-4.1.0\code\IFCReaderGen.h">
      <Filter>IFC</Filter>
    </ClInclude>
    <ClInclude Include="C:\Users\ceej_\Documents\Libraries\archive\ogl\assimp-4.1.0\code\IFCUtil.h">
      <Filter>IFC</Filter>
    </ClInclude>
    <ClInclude Include="C:\Users\ceej_\Documents\Libraries\archive\ogl\assimp-4.1.0\code\STEPFile.h">
      <Filter>IFC</Filter>
    </ClInclude>
    <ClInclude Include="C:\Users\ceej_\Documents\Libraries\archive\ogl\assimp-4.1.0\code\STEPFileReader.h">
      <Filter>IFC</Filter>
    </ClInclude>
    <ClInclude Include="C:\Users\ceej_\Documents\Libraries\archive\ogl\assimp-4.1.0\code\STEPFileEncoding.h">
      <Filter>IFC</Filter>
    </ClInclude>
    <ClInclude Include="C:\Users\ceej_\Documents\Libraries\archive\ogl\assimp-4.1.0\code\XGLLoader.h">
      <Filter>XGL</Filter>
    </ClInclude>
    <ClInclude Include="C:\Users\ceej_\Documents\Libraries\archive\ogl\assimp-4.1.0\code\FBXCompileConfig.h">
      <Filter>FBX</Filter>
    </ClInclude>
    <ClInclude Include="C:\Users\ceej_\Documents\Libraries\archive\ogl\assimp-4.1.0\code\FBXImporter.h">
      <Filter>FBX</Filter>
    </ClInclude>
    <ClInclude Include="C:\Users\ceej_\Documents\Libraries\archive\ogl\assimp-4.1.0\code\FBXParser.h">
      <Filter>FBX</Filter>
    </ClInclude>
    <ClInclude Include="C:\Users\ceej_\Documents\Libraries\archive\ogl\assimp-4.1.0\code\FBXTokenizer.h">
      <Filter>FBX</Filter>
    </ClInclude>
    <ClInclude Include="C:\Users\ceej_\Documents\Libraries\archive\ogl\assimp-4.1.0\code\FBXImportSettings.h">
      <Filter>FBX</Filter>
    </ClInclude>
    <ClInclude Include="C:\Users\ceej_\Documents\Libraries\archive\ogl\assimp-4.1.0\code\FBXConverter.h">
      <Filter>FBX</Filter>
    </ClInclude>
    <ClInclude Include="C:\Users\ceej_\Documents\Libraries\archive\ogl\assimp-4.1.0\code\FBXUtil.h">
      <Filter>FBX</Filter>
    </ClInclude>
    <ClInclude Include="C:\Users\ceej_\Documents\Libraries\archive\ogl\assimp-4.1.0\code\FBXDocument.h">
      <Filter>FBX</Filter>
    </ClInclude>
    <ClInclude Include="C:\Users\ceej_\Documents\Libraries\archive\ogl\assimp-4.1.0\code\FBXProperties.h">
      <Filter>FBX</Filter>
    </ClInclude>
    <ClInclude Include="C:\Users\ceej_\Documents\Libraries\archive\ogl\assimp-4.1.0\code\FBXMeshGeometry.h">
      <Filter>FBX</Filter>
    </ClInclude>
    <ClInclude Include="C:\Users\ceej_\Documents\Libraries\archive\ogl\assimp-4.1.0\code\Q3DLoader.h">
      <Filter>Q3D</Filter>
    </ClInclude>
    <ClInclude Include="C:\Users\ceej_\Documents\Libraries\archive\ogl\assimp-4.1.0\code\Q3BSPFileData.h">
      <Filter>Q3BSP</Filter>
    </ClInclude>
    <ClInclude Include="C:\Users\ceej_\Documents\Libraries\archive\ogl\assimp-4.1.0\code\Q3BSPFileParser.h">
      <Filter>Q3BSP</Filter>
    </ClInclude>
    <ClInclude Include="C:\Users\ceej_\Documents\Libraries\archive\ogl\assimp-4.1.0\code\Q3BSPFileImporter.h">
      <Filter>Q3BSP</Filter>
    </ClInclude>
    <ClInclude Include="C:\Users\ceej_\Documents\Libraries\archive\ogl\assimp-4.1.0\code\Q3BSPZipArchive.h">
      <Filter>Q3BSP</Filter>
    </ClInclude>
    <ClInclude Include="C:\Users\ceej_\Documents\Libraries\archive\ogl\assimp-4.1.0\code\RawLoader.h">
      <Filter>RAW</Filter>
    </ClInclude>
    <ClInclude Include="C:\Users\ceej_\Documents\Libraries\archive\ogl\assimp-4.1.0\code\SIBImporter.h">
      <Filter>SIB</Filter>
    </ClInclude>
    <ClInclude Include="C:\Users\ceej_\Documents\Libraries\archive\ogl\assimp-4.1.0\code\SMDLoader.h">
      <Filter>SMD</Filter>
    </ClInclude>
    <ClInclude Include="C:\Users\ceej_\Documents\Libraries\archive\ogl\assimp-4.1.0\code\STLLoader.h">
      <Filter>STL</Filter>
    </ClInclude>
    <ClInclude Include="C:\Users\ceej_\Documents\Libraries\archive\ogl\assimp-4.1.0\code\STLExporter.h">
      <Filter>STL</Filter>
    </ClInclude>
    <ClInclude Include="C:\Users\ceej_\Documents\Libraries\archive\ogl\assimp-4.1.0\code\TerragenLoader.h">
      <Filter>TERRAGEN</Filter>
    </ClInclude>
    <ClInclude Include="C:\Users\ceej_\Documents\Libraries\archive\ogl\assimp-4.1.0\code\UnrealLoader.h">
      <Filter>3D</Filter>
    </ClInclude>
    <ClInclude Include="C:\Users\ceej_\Documents\Libraries\archive\ogl\assimp-4.1.0\code\XFileHelper.h">
      <Filter>X</Filter>
    </ClInclude>
    <ClInclude Include="C:\Users\ceej_\Documents\Libraries\archive\ogl\assimp-4.1.0\code\XFileImporter.h">
      <Filter>X</Filter>
    </ClInclude>
    <ClInclude Include="C:\Users\ceej_\Documents\Libraries\archive\ogl\assimp-4.1.0\code\XFileParser.h">
      <Filter>X</Filter>
    </ClInclude>
    <ClInclude Include="C:\Users\ceej_\Documents\Libraries\archive\ogl\assimp-4.1.0\code\XFileExporter.h">
      <Filter>X</Filter>
    </ClInclude>
    <ClInclude Include="C:\Users\ceej_\Documents\Libraries\archive\ogl\assimp-4.1.0\code\X3DExporter.hpp">
      <Filter>X3D</Filter>
    </ClInclude>
    <ClInclude Include="C:\Users\ceej_\Documents\Libraries\archive\ogl\assimp-4.1.0\code\X3DImporter.hpp">
      <Filter>X3D</Filter>
    </ClInclude>
    <ClInclude Include="C:\Users\ceej_\Documents\Libraries\archive\ogl\assimp-4.1.0\code\X3DImporter_Macro.hpp">
      <Filter>X3D</Filter>
    </ClInclude>
    <ClInclude Include="C:\Users\ceej_\Documents\Libraries\archive\ogl\assimp-4.1.0\code\X3DImporter_Node.hpp">
      <Filter>X3D</Filter>
    </ClInclude>
    <ClInclude Include="C:\Users\ceej_\Documents\Libraries\archive\ogl\assimp-4.1.0\code\FIReader.hpp">
      <Filter>X3D</Filter>
    </ClInclude>
    <ClInclude Include="C:\Users\ceej_\Documents\Libraries\archive\ogl\assimp-4.1.0\code\glTFAsset.h">
      <Filter>GLTF</Filter>
    </ClInclude>
    <ClInclude Include="C:\Users\ceej_\Documents\Libraries\archive\ogl\assimp-4.1.0\code\glTFAsset.inl">
      <Filter>GLTF</Filter>
    </ClInclude>
    <ClInclude Include="C:\Users\ceej_\Documents\Libraries\archive\ogl\assimp-4.1.0\code\glTFAssetWriter.h">
      <Filter>GLTF</Filter>
    </ClInclude>
    <ClInclude Include="C:\Users\ceej_\Documents\Libraries\archive\ogl\assimp-4.1.0\code\glTFAssetWriter.inl">
      <Filter>GLTF</Filter>
    </ClInclude>
    <ClInclude Include="C:\Users\ceej_\Documents\Libraries\archive\ogl\assimp-4.1.0\code\glTFImporter.h">
      <Filter>GLTF</Filter>
    </ClInclude>
    <ClInclude Include="C:\Users\ceej_\Documents\Libraries\archive\ogl\assimp-4.1.0\code\glTFExporter.h">
      <Filter>GLTF</Filter>
    </ClInclude>
    <ClInclude Include="C:\Users\ceej_\Documents\Libraries\archive\ogl\assimp-4.1.0\code\glTF2Asset.h">
      <Filter>GLTF</Filter>
    </ClInclude>
    <ClInclude Include="C:\Users\ceej_\Documents\Libraries\archive\ogl\assimp-4.1.0\code\glTF2Asset.inl">
      <Filter>GLTF</Filter>
    </ClInclude>
    <ClInclude Include="C:\Users\ceej_\Documents\Libraries\archive\ogl\assimp-4.1.0\code\glTF2AssetWriter.h">
      <Filter>GLTF</Filter>
    </ClInclude>
    <ClInclude Include="C:\Users\ceej_\Documents\Libraries\archive\ogl\assimp-4.1.0\code\glTF2AssetWriter.inl">
      <Filter>GLTF</Filter>
    </ClInclude>
    <ClInclude Include="C:\Users\ceej_\Documents\Libraries\archive\ogl\assimp-4.1.0\code\glTF2Importer.h">
      <Filter>GLTF</Filter>
    </ClInclude>
    <ClInclude Include="C:\Users\ceej_\Documents\Libraries\archive\ogl\assimp-4.1.0\code\glTF2Exporter.h">
      <Filter>GLTF</Filter>
    </ClInclude>
    <ClInclude Include="C:\Users\ceej_\Documents\Libraries\archive\ogl\assimp-4.1.0\code\D3MFImporter.h">
      <Filter>3MF</Filter>
    </ClInclude>
    <ClInclude Include="C:\Users\ceej_\Documents\Libraries\archive\ogl\assimp-4.1.0\code\D3MFExporter.h">
      <Filter>3MF</Filter>
    </ClInclude>
    <ClInclude Include="C:\Users\ceej_\Documents\Libraries\archive\ogl\assimp-4.1.0\code\D3MFOpcPackage.h">
      <Filter>3MF</Filter>
    </ClInclude>
    <ClInclude Include="C:\Users\ceej_\Documents\Libraries\archive\ogl\assimp-4.1.0\code\3MFXmlTags.h">
      <Filter>3MF</Filter>
    </ClInclude>
    <ClInclude Include="C:\Users\ceej_\Documents\Libraries\archive\ogl\assimp-4.1.0\code\MMDCpp14.h">
      <Filter>MMD</Filter>
    </ClInclude>
    <ClInclude Include="C:\Users\ceej_\Documents\Libraries\archive\ogl\assimp-4.1.0\code\MMDImporter.h">
      <Filter>MMD</Filter>
    </ClInclude>
    <ClInclude Include="C:\Users\ceej_\Documents\Libraries\archive\ogl\assimp-4.1.0\code\MMDPmdParser.h">
      <Filter>MMD</Filter>
    </ClInclude>
    <ClInclude Include="C:\Users\ceej_\Documents\Libraries\archive\ogl\assimp-4.1.0\code\MMDPmxParser.h">
      <Filter>MMD</Filter>
    </ClInclude>
    <ClInclude Include="C:\Users\ceej_\Documents\Libraries\archive\ogl\assimp-4.1.0\code\MMDVmdParser.h">
      <Filter>MMD</Filter>
    </ClInclude>
    <ClInclude Include="C:\Users\ceej_\Documents\Libraries\archive\ogl\assimp-4.1.0\code\irrXMLWrapper.h">
      <Filter>IrrXML</Filter>
    </ClInclude>
    <ClInclude Include="C:\Users\ceej_\Documents\Libraries\archive\ogl\assimp-4.1.0\contrib\unzip\crypt.h">
      <Filter>unzip</Filter>
    </ClInclude>
    <ClInclude Include="C:\Users\ceej_\Documents\Libraries\archive\ogl\assimp-4.1.0\contrib\unzip\ioapi.h">
      <Filter>unzip</Filter>
    </ClInclude>
    <ClInclude Include="C:\Users\ceej_\Documents\Libraries\archive\ogl\assimp-4.1.0\contrib\unzip\unzip.h">
      <Filter>unzip</Filter>
    </ClInclude>
    <ClInclude Include="C:\Users\ceej_\Documents\Libraries\archive\ogl\assimp-4.1.0\contrib\poly2tri\poly2tri\common\shapes.h">
      <Filter>Poly2Tri</Filter>
    </ClInclude>
    <ClInclude Include="C:\Users\ceej_\Documents\Libraries\archive\ogl\assimp-4.1.0\contrib\poly2tri\poly2tri\common\utils.h">
      <Filter>Poly2Tri</Filter>
    </ClInclude>
    <ClInclude Include="C:\Users\ceej_\Documents\Libraries\archive\ogl\assimp-4.1.0\contrib\poly2tri\poly2tri\sweep\advancing_front.h">
      <Filter>Poly2Tri</Filter>
    </ClInclude>
    <ClInclude Include="C:\Users\ceej_\Documents\Libraries\archive\ogl\assimp-4.1.0\contrib\poly2tri\poly2tri\sweep\cdt.h">
      <Filter>Poly2Tri</Filter>
    </ClInclude>
    <ClInclude Include="C:\Users\ceej_\Documents\Libraries\archive\ogl\assimp-4.1.0\contrib\poly2tri\poly2tri\sweep\sweep.h">
      <Filter>Poly2Tri</Filter>
    </ClInclude>
    <ClInclude Include="C:\Users\ceej_\Documents\Libraries\archive\ogl\assimp-4.1.0\contrib\poly2tri\poly2tri\sweep\sweep_context.h">
      <Filter>Poly2Tri</Filter>
    </ClInclude>
    <ClInclude Include="C:\Users\ceej_\Documents\Libraries\archive\ogl\assimp-4.1.0\contrib\clipper\clipper.hpp">
      <Filter>Clipper</Filter>
    </ClInclude>
    <ClInclude Include="C:\Users\ceej_\Documents\Libraries\archive\ogl\assimp-4.1.0\contrib\openddlparser\include\openddlparser\OpenDDLParser.h">
      <Filter>openddl_parser</Filter>
    </ClInclude>
    <ClInclude Include="C:\Users\ceej_\Documents\Libraries\archive\ogl\assimp-4.1.0\contrib\openddlparser\include\openddlparser\OpenDDLParserUtils.h">
      <Filter>openddl_parser</Filter>
    </ClInclude>
    <ClInclude Include="C:\Users\ceej_\Documents\Libraries\archive\ogl\assimp-4.1.0\contrib\openddlparser\include\openddlparser\OpenDDLCommon.h">
      <Filter>openddl_parser</Filter>
    </ClInclude>
    <ClInclude Include="C:\Users\ceej_\Documents\Libraries\archive\ogl\assimp-4.1.0\contrib\openddlparser\include\openddlparser\OpenDDLExport.h">
      <Filter>openddl_parser</Filter>
    </ClInclude>
    <ClInclude Include="C:\Users\ceej_\Documents\Libraries\archive\ogl\assimp-4.1.0\contrib\openddlparser\include\openddlparser\OpenDDLStream.h">
      <Filter>openddl_parser</Filter>
    </ClInclude>
    <ClInclude Include="C:\Users\ceej_\Documents\Libraries\archive\ogl\assimp-4.1.0\contrib\openddlparser\include\openddlparser\DDLNode.h">
      <Filter>openddl_parser</Filter>
    </ClInclude>
    <ClInclude Include="C:\Users\ceej_\Documents\Libraries\archive\ogl\assimp-4.1.0\contrib\openddlparser\include\openddlparser\Value.h">
      <Filter>openddl_parser</Filter>
    </ClInclude>
    <ClInclude Include="C:\Users\ceej_\Documents\Libraries\archive\ogl\assimp-4.1.0\contrib\Open3DGC\o3dgcAdjacencyInfo.h">
      <Filter>open3dgc</Filter>
    </ClInclude>
    <ClInclude Include="C:\Users\ceej_\Documents\Libraries\archive\ogl\assimp-4.1.0\contrib\Open3DGC\o3dgcArithmeticCodec.h">
      <Filter>open3dgc</Filter>
    </ClInclude>
    <ClInclude Include="C:\Users\ceej_\Documents\Libraries\archive\ogl\assimp-4.1.0\contrib\Open3DGC\o3dgcBinaryStream.h">
      <Filter>open3dgc</Filter>
    </ClInclude>
    <ClInclude Include="C:\Users\ceej_\Documents\Libraries\archive\ogl\assimp-4.1.0\contrib\Open3DGC\o3dgcCommon.h">
      <Filter>open3dgc</Filter>
    </ClInclude>
    <ClInclude Include="C:\Users\ceej_\Documents\Libraries\archive\ogl\assimp-4.1.0\contrib\Open3DGC\o3dgcDVEncodeParams.h">
      <Filter>open3dgc</Filter>
    </ClInclude>
    <ClInclude Include="C:\Users\ceej_\Documents\Libraries\archive\ogl\assimp-4.1.0\contrib\Open3DGC\o3dgcDynamicVectorDecoder.h">
      <Filter>open3dgc</Filter>
    </ClInclude>
    <ClInclude Include="C:\Users\ceej_\Documents\Libraries\archive\ogl\assimp-4.1.0\contrib\Open3DGC\o3dgcDynamicVectorEncoder.h">
      <Filter>open3dgc</Filter>
    </ClInclude>
    <ClInclude Include="C:\Users\ceej_\Documents\Libraries\archive\ogl\assimp-4.1.0\contrib\Open3DGC\o3dgcDynamicVector.h">
      <Filter>open3dgc</Filter>
    </ClInclude>
    <ClInclude Include="C:\Users\ceej_\Documents\Libraries\archive\ogl\assimp-4.1.0\contrib\Open3DGC\o3dgcFIFO.h">
      <Filter>open3dgc</Filter>
    </ClInclude>
    <ClInclude Include="C:\Users\ceej_\Documents\Libraries\archive\ogl\assimp-4.1.0\contrib\Open3DGC\o3dgcIndexedFaceSet.h">
      <Filter>open3dgc</Filter>
    </ClInclude>
    <ClInclude Include="C:\Users\ceej_\Documents\Libraries\archive\ogl\assimp-4.1.0\contrib\Open3DGC\o3dgcIndexedFaceSet.inl">
      <Filter>open3dgc</Filter>
    </ClInclude>
    <ClInclude Include="C:\Users\ceej_\Documents\Libraries\archive\ogl\assimp-4.1.0\contrib\Open3DGC\o3dgcSC3DMCDecoder.h">
      <Filter>open3dgc</Filter>
    </ClInclude>
    <ClInclude Include="C:\Users\ceej_\Documents\Libraries\archive\ogl\assimp-4.1.0\contrib\Open3DGC\o3dgcSC3DMCDecoder.inl">
      <Filter>open3dgc</Filter>
    </ClInclude>
    <ClInclude Include="C:\Users\ceej_\Documents\Libraries\archive\ogl\assimp-4.1.0\contrib\Open3DGC\o3dgcSC3DMCEncodeParams.h">
      <Filter>open3dgc</Filter>
    </ClInclude>
    <ClInclude Include="C:\Users\ceej_\Documents\Libraries\archive\ogl\assimp-4.1.0\contrib\Open3DGC\o3dgcSC3DMCEncoder.h">
      <Filter>open3dgc</Filter>
    </ClInclude>
    <ClInclude Include="C:\Users\ceej_\Documents\Libraries\archive\ogl\assimp-4.1.0\contrib\Open3DGC\o3dgcSC3DMCEncoder.inl">
      <Filter>open3dgc</Filter>
    </ClInclude>
    <ClInclude Include="C:\Users\ceej_\Documents\Libraries\archive\ogl\assimp-4.1.0\contrib\Open3DGC\o3dgcTimer.h">
      <Filter>open3dgc</Filter>
    </ClInclude>
    <ClInclude Include="C:\Users\ceej_\Documents\Libraries\archive\ogl\assimp-4.1.0\contrib\Open3DGC\o3dgcTriangleFans.h">
      <Filter>open3dgc</Filter>
    </ClInclude>
    <ClInclude Include="C:\Users\ceej_\Documents\Libraries\archive\ogl\assimp-4.1.0\contrib\Open3DGC\o3dgcTriangleListDecoder.h">
      <Filter>open3dgc</Filter>
    </ClInclude>
    <ClInclude Include="C:\Users\ceej_\Documents\Libraries\archive\ogl\assimp-4.1.0\contrib\Open3DGC\o3dgcTriangleListDecoder.inl">
      <Filter>open3dgc</Filter>
    </ClInclude>
    <ClInclude Include="C:\Users\ceej_\Documents\Libraries\archive\ogl\assimp-4.1.0\contrib\Open3DGC\o3dgcTriangleListEncoder.h">
      <Filter>open3dgc</Filter>
    </ClInclude>
    <ClInclude Include="C:\Users\ceej_\Documents\Libraries\archive\ogl\assimp-4.1.0\contrib\Open3DGC\o3dgcTriangleListEncoder.inl">
      <Filter>open3dgc</Filter>
    </ClInclude>
    <ClInclude Include="C:\Users\ceej_\Documents\Libraries\archive\ogl\assimp-4.1.0\contrib\Open3DGC\o3dgcVector.h">
      <Filter>open3dgc</Filter>
    </ClInclude>
    <ClInclude Include="C:\Users\ceej_\Documents\Libraries\archive\ogl\assimp-4.1.0\contrib\Open3DGC\o3dgcVector.inl">
      <Filter>open3dgc</Filter>
    </ClInclude>
    <ClInclude Include="C:\Users\ceej_\Documents\Libraries\archive\ogl\assimp-4.1.0\contrib\zip\src\miniz.h">
      <Filter>ziplib</Filter>
    </ClInclude>
    <ClInclude Include="C:\Users\ceej_\Documents\Libraries\archive\ogl\assimp-4.1.0\contrib\zip\src\zip.h">
      <Filter>ziplib</Filter>
    </ClInclude>
    <ClInclude Include="C:\Users\ceej_\Documents\Libraries\archive\ogl\assimp-4.1.0\include\assimp\anim.h">
      <Filter>Header Files</Filter>
    </ClInclude>
    <ClInclude Include="C:\Users\ceej_\Documents\Libraries\archive\ogl\assimp-4.1.0\include\assimp\ai_assert.h">
      <Filter>Header Files</Filter>
    </ClInclude>
    <ClInclude Include="C:\Users\ceej_\Documents\Libraries\archive\ogl\assimp-4.1.0\include\assimp\camera.h">
      <Filter>Header Files</Filter>
    </ClInclude>
    <ClInclude Include="C:\Users\ceej_\Documents\Libraries\archive\ogl\assimp-4.1.0\include\assimp\color4.h">
      <Filter>Header Files</Filter>
    </ClInclude>
    <ClInclude Include="C:\Users\ceej_\Documents\Libraries\archive\ogl\assimp-4.1.0\include\assimp\color4.inl">
      <Filter>Header Files</Filter>
    </ClInclude>
    <ClInclude Include="C:\Users\ceej_\OneDrive - fiiishhh\桌面\Learn-OpenGL\assimp-4.1.0\include\assimp\config.h">
      <Filter>Header Files</Filter>
    </ClInclude>
    <ClInclude Include="C:\Users\ceej_\Documents\Libraries\archive\ogl\assimp-4.1.0\include\assimp\defs.h">
      <Filter>Header Files</Filter>
    </ClInclude>
    <ClInclude Include="C:\Users\ceej_\Documents\Libraries\archive\ogl\assimp-4.1.0\include\assimp\Defines.h">
      <Filter>Header Files</Filter>
    </ClInclude>
    <ClInclude Include="C:\Users\ceej_\Documents\Libraries\archive\ogl\assimp-4.1.0\include\assimp\cfileio.h">
      <Filter>Header Files</Filter>
    </ClInclude>
    <ClInclude Include="C:\Users\ceej_\Documents\Libraries\archive\ogl\assimp-4.1.0\include\assimp\light.h">
      <Filter>Header Files</Filter>
    </ClInclude>
    <ClInclude Include="C:\Users\ceej_\Documents\Libraries\archive\ogl\assimp-4.1.0\include\assimp\material.h">
      <Filter>Header Files</Filter>
    </ClInclude>
    <ClInclude Include="C:\Users\ceej_\Documents\Libraries\archive\ogl\assimp-4.1.0\include\assimp\material.inl">
      <Filter>Header Files</Filter>
    </ClInclude>
    <ClInclude Include="C:\Users\ceej_\Documents\Libraries\archive\ogl\assimp-4.1.0\include\assimp\matrix3x3.h">
      <Filter>Header Files</Filter>
    </ClInclude>
    <ClInclude Include="C:\Users\ceej_\Documents\Libraries\archive\ogl\assimp-4.1.0\include\assimp\matrix3x3.inl">
      <Filter>Header Files</Filter>
    </ClInclude>
    <ClInclude Include="C:\Users\ceej_\Documents\Libraries\archive\ogl\assimp-4.1.0\include\assimp\matrix4x4.h">
      <Filter>Header Files</Filter>
    </ClInclude>
    <ClInclude Include="C:\Users\ceej_\Documents\Libraries\archive\ogl\assimp-4.1.0\include\assimp\matrix4x4.inl">
      <Filter>Header Files</Filter>
    </ClInclude>
    <ClInclude Include="C:\Users\ceej_\Documents\Libraries\archive\ogl\assimp-4.1.0\include\assimp\mesh.h">
      <Filter>Header Files</Filter>
    </ClInclude>
    <ClInclude Include="C:\Users\ceej_\Documents\Libraries\archive\ogl\assimp-4.1.0\include\assimp\postprocess.h">
      <Filter>Header Files</Filter>
    </ClInclude>
    <ClInclude Include="C:\Users\ceej_\Documents\Libraries\archive\ogl\assimp-4.1.0\include\assimp\quaternion.h">
      <Filter>Header Files</Filter>
    </ClInclude>
    <ClInclude Include="C:\Users\ceej_\Documents\Libraries\archive\ogl\assimp-4.1.0\include\assimp\quaternion.inl">
      <Filter>Header Files</Filter>
    </ClInclude>
    <ClInclude Include="C:\Users\ceej_\Documents\Libraries\archive\ogl\assimp-4.1.0\include\assimp\scene.h">
      <Filter>Header Files</Filter>
    </ClInclude>
    <ClInclude Include="C:\Users\ceej_\Documents\Libraries\archive\ogl\assimp-4.1.0\include\assimp\metadata.h">
      <Filter>Header Files</Filter>
    </ClInclude>
    <ClInclude Include="C:\Users\ceej_\Documents\Libraries\archive\ogl\assimp-4.1.0\include\assimp\texture.h">
      <Filter>Header Files</Filter>
    </ClInclude>
    <ClInclude Include="C:\Users\ceej_\Documents\Libraries\archive\ogl\assimp-4.1.0\include\assimp\types.h">
      <Filter>Header Files</Filter>
    </ClInclude>
    <ClInclude Include="C:\Users\ceej_\Documents\Libraries\archive\ogl\assimp-4.1.0\include\assimp\vector2.h">
      <Filter>Header Files</Filter>
    </ClInclude>
    <ClInclude Include="C:\Users\ceej_\Documents\Libraries\archive\ogl\assimp-4.1.0\include\assimp\vector2.inl">
      <Filter>Header Files</Filter>
    </ClInclude>
    <ClInclude Include="C:\Users\ceej_\Documents\Libraries\archive\ogl\assimp-4.1.0\include\assimp\vector3.h">
      <Filter>Header Files</Filter>
    </ClInclude>
    <ClInclude Include="C:\Users\ceej_\Documents\Libraries\archive\ogl\assimp-4.1.0\include\assimp\vector3.inl">
      <Filter>Header Files</Filter>
    </ClInclude>
    <ClInclude Include="C:\Users\ceej_\Documents\Libraries\archive\ogl\assimp-4.1.0\include\assimp\version.h">
      <Filter>Header Files</Filter>
    </ClInclude>
    <ClInclude Include="C:\Users\ceej_\Documents\Libraries\archive\ogl\assimp-4.1.0\include\assimp\cimport.h">
      <Filter>Header Files</Filter>
    </ClInclude>
    <ClInclude Include="C:\Users\ceej_\Documents\Libraries\archive\ogl\assimp-4.1.0\include\assimp\importerdesc.h">
      <Filter>Header Files</Filter>
    </ClInclude>
    <ClInclude Include="C:\Users\ceej_\Documents\Libraries\archive\ogl\assimp-4.1.0\include\assimp\Importer.hpp">
      <Filter>Header Files</Filter>
    </ClInclude>
    <ClInclude Include="C:\Users\ceej_\Documents\Libraries\archive\ogl\assimp-4.1.0\include\assimp\ProgressHandler.hpp">
      <Filter>Header Files</Filter>
    </ClInclude>
    <ClInclude Include="C:\Users\ceej_\Documents\Libraries\archive\ogl\assimp-4.1.0\include\assimp\IOStream.hpp">
      <Filter>Header Files</Filter>
    </ClInclude>
    <ClInclude Include="C:\Users\ceej_\Documents\Libraries\archive\ogl\assimp-4.1.0\include\assimp\IOSystem.hpp">
      <Filter>Header Files</Filter>
    </ClInclude>
    <ClInclude Include="C:\Users\ceej_\Documents\Libraries\archive\ogl\assimp-4.1.0\include\assimp\cexport.h">
      <Filter>Header Files</Filter>
    </ClInclude>
    <ClInclude Include="C:\Users\ceej_\Documents\Libraries\archive\ogl\assimp-4.1.0\include\assimp\Exporter.hpp">
      <Filter>Header Files</Filter>
    </ClInclude>
    <ClInclude Include="C:\Users\ceej_\Documents\Libraries\archive\ogl\assimp-4.1.0\include\assimp\DefaultIOStream.h">
      <Filter>Header Files</Filter>
    </ClInclude>
    <ClInclude Include="C:\Users\ceej_\Documents\Libraries\archive\ogl\assimp-4.1.0\include\assimp\DefaultIOSystem.h">
      <Filter>Header Files</Filter>
    </ClInclude>
    <ClInclude Include="C:\Users\ceej_\Documents\Libraries\archive\ogl\assimp-4.1.0\include\assimp\SceneCombiner.h">
      <Filter>Header Files</Filter>
    </ClInclude>
    <ClInclude Include="C:\Users\ceej_\Documents\Libraries\archive\ogl\assimp-4.1.0\include\assimp\Compiler\pushpack1.h">
      <Filter>Compiler</Filter>
    </ClInclude>
    <ClInclude Include="C:\Users\ceej_\Documents\Libraries\archive\ogl\assimp-4.1.0\include\assimp\Compiler\poppack1.h">
      <Filter>Compiler</Filter>
    </ClInclude>
    <ClInclude Include="C:\Users\ceej_\Documents\Libraries\archive\ogl\assimp-4.1.0\include\assimp\Compiler\pstdint.h">
      <Filter>Compiler</Filter>
    </ClInclude>
  </ItemGroup>
  <ItemGroup>
    <CustomBuild Include="C:\Users\ceej_\Documents\Libraries\archive\ogl\assimp-4.1.0\code\CMakeLists.txt" />
  </ItemGroup>
  <ItemGroup>
    <Filter Include="3D">
      <UniqueIdentifier>{90114621-8A35-3FE5-8BCF-CBCBEE009008}</UniqueIdentifier>
    </Filter>
    <Filter Include="3DS">
      <UniqueIdentifier>{7DB003CE-74EA-3246-8467-C5469B24D1EF}</UniqueIdentifier>
    </Filter>
    <Filter Include="3MF">
      <UniqueIdentifier>{F540F94D-28BA-319C-831B-6141BE3B5995}</UniqueIdentifier>
    </Filter>
    <Filter Include="AC">
      <UniqueIdentifier>{6FEF6620-E76D-384F-B129-20E84197203C}</UniqueIdentifier>
    </Filter>
    <Filter Include="AMF">
      <UniqueIdentifier>{DDA343C3-08D3-3A1A-B2CA-C7B212B87225}</UniqueIdentifier>
    </Filter>
    <Filter Include="ASE">
      <UniqueIdentifier>{D1FD6562-0651-3EB6-BD7B-D8C9F1685D9B}</UniqueIdentifier>
    </Filter>
    <Filter Include="ASSBIN">
      <UniqueIdentifier>{0E96BFA0-664E-3CD2-AC63-54CD165B91D9}</UniqueIdentifier>
    </Filter>
    <Filter Include="ASSXML">
      <UniqueIdentifier>{3DD989F5-4360-385F-BF91-A06E75EBFB5C}</UniqueIdentifier>
    </Filter>
    <Filter Include="B3D">
      <UniqueIdentifier>{1375EDBD-765D-378A-89D1-E6F8CFAD733D}</UniqueIdentifier>
    </Filter>
    <Filter Include="BLEND">
      <UniqueIdentifier>{CE95A099-22F2-3F4D-B0F3-317F13A99411}</UniqueIdentifier>
    </Filter>
    <Filter Include="BVH">
      <UniqueIdentifier>{F1EB519C-7885-3FCE-9A5D-D6CB36CAA021}</UniqueIdentifier>
    </Filter>
    <Filter Include="COB">
      <UniqueIdentifier>{0F04509C-CEAC-32B6-9E96-CC3588A20D1A}</UniqueIdentifier>
    </Filter>
    <Filter Include="COLLADA">
      <UniqueIdentifier>{868C5337-2B15-36F7-AC5E-5B478DC74969}</UniqueIdentifier>
    </Filter>
    <Filter Include="CSM">
      <UniqueIdentifier>{CAA233A2-18DD-3357-99E6-556CD3CDD644}</UniqueIdentifier>
    </Filter>
    <Filter Include="Clipper">
      <UniqueIdentifier>{6694613A-DFAF-36AB-B072-449F60DC13EC}</UniqueIdentifier>
    </Filter>
    <Filter Include="Common">
      <UniqueIdentifier>{023676AE-407D-3031-9F51-4DC44760E9C1}</UniqueIdentifier>
    </Filter>
    <Filter Include="Compiler">
      <UniqueIdentifier>{FB8EE59F-B719-332F-99BD-B8368C3FE3C0}</UniqueIdentifier>
    </Filter>
    <Filter Include="DXF">
      <UniqueIdentifier>{97BDA5C7-7143-3380-B243-7EE46CA5B7D3}</UniqueIdentifier>
    </Filter>
    <Filter Include="Exporter">
      <UniqueIdentifier>{CA5102B2-8DDF-3202-9986-711B0AFCA066}</UniqueIdentifier>
    </Filter>
    <Filter Include="FBX">
      <UniqueIdentifier>{40617619-6D70-3353-943C-9C227552EF1B}</UniqueIdentifier>
    </Filter>
    <Filter Include="GLTF">
      <UniqueIdentifier>{7E9F47BC-452E-3431-AD3B-8B6499EAA76E}</UniqueIdentifier>
    </Filter>
    <Filter Include="HMP">
      <UniqueIdentifier>{8CAA66EE-5BBD-335C-9628-EF4727F03823}</UniqueIdentifier>
    </Filter>
    <Filter Include="Header Files">
      <UniqueIdentifier>{58167FA0-B93D-303C-A585-038C18EC5A43}</UniqueIdentifier>
    </Filter>
    <Filter Include="IFC">
      <UniqueIdentifier>{9F558A2E-E0A3-3081-A3E2-B37086E64C1D}</UniqueIdentifier>
    </Filter>
    <Filter Include="IRR">
      <UniqueIdentifier>{751563BF-535D-317A-BB31-0F445B4810B7}</UniqueIdentifier>
    </Filter>
    <Filter Include="IRRMESH">
      <UniqueIdentifier>{BA39F639-713C-3842-90C8-E8F99CDC74D3}</UniqueIdentifier>
    </Filter>
    <Filter Include="IrrXML">
      <UniqueIdentifier>{DD6BF1B9-51ED-3BD6-8961-C9662D7BD472}</UniqueIdentifier>
    </Filter>
    <Filter Include="LWO">
      <UniqueIdentifier>{7699182F-D824-36FB-BE2C-BE52F55A9FA7}</UniqueIdentifier>
    </Filter>
    <Filter Include="LWS">
      <UniqueIdentifier>{246EF1BF-6E7A-3F03-86E9-082398BE7640}</UniqueIdentifier>
    </Filter>
    <Filter Include="Logging">
      <UniqueIdentifier>{09E27557-F44C-30C5-A3F1-51BE43357281}</UniqueIdentifier>
    </Filter>
    <Filter Include="MD2">
      <UniqueIdentifier>{F902728E-8DEE-37CC-A0E1-8E3447ED1A41}</UniqueIdentifier>
    </Filter>
    <Filter Include="MD3">
      <UniqueIdentifier>{FD6993EF-91F5-3EF2-B173-672C5EC02E14}</UniqueIdentifier>
    </Filter>
    <Filter Include="MD5">
      <UniqueIdentifier>{16D95096-D588-3B62-8DD6-6E15E60A1F20}</UniqueIdentifier>
    </Filter>
    <Filter Include="MDC">
      <UniqueIdentifier>{53E4FB63-C031-3D0F-8AD0-9F8615DA704D}</UniqueIdentifier>
    </Filter>
    <Filter Include="MDL">
      <UniqueIdentifier>{47EBB2DC-6947-32B3-8D13-94AC03018822}</UniqueIdentifier>
    </Filter>
    <Filter Include="MMD">
      <UniqueIdentifier>{9448C10F-DEE1-3D29-BC51-333DC8198B54}</UniqueIdentifier>
    </Filter>
    <Filter Include="MS3D">
      <UniqueIdentifier>{3409A83E-9BFE-309F-AF36-354E1400BD85}</UniqueIdentifier>
    </Filter>
    <Filter Include="MaterialSystem">
      <UniqueIdentifier>{D284210A-4CB5-3B49-915B-572444B90A2B}</UniqueIdentifier>
    </Filter>
    <Filter Include="NDO">
      <UniqueIdentifier>{FAAAA39C-29C2-3EED-BAC2-A93853E0FCD6}</UniqueIdentifier>
    </Filter>
    <Filter Include="NFF">
      <UniqueIdentifier>{A6B5EB0A-803B-3B04-8244-7395B54DB1BE}</UniqueIdentifier>
    </Filter>
    <Filter Include="OBJ">
      <UniqueIdentifier>{96E5415F-6DA7-35D3-A8F3-E8CBD0DAF9F2}</UniqueIdentifier>
    </Filter>
    <Filter Include="OFF">
      <UniqueIdentifier>{EB3B5021-6267-3BEE-8F3B-F371EB455984}</UniqueIdentifier>
    </Filter>
    <Filter Include="OGRE">
      <UniqueIdentifier>{2CD97F21-035D-3F1F-90ED-FAF0A3ED6617}</UniqueIdentifier>
    </Filter>
    <Filter Include="OPENGEX">
      <UniqueIdentifier>{BC158C44-7C14-3D80-B748-A9F495D3673F}</UniqueIdentifier>
    </Filter>
    <Filter Include="PLY">
      <UniqueIdentifier>{F1FF0296-F933-3F0C-8EA6-E3F95E396B32}</UniqueIdentifier>
    </Filter>
    <Filter Include="Poly2Tri">
      <UniqueIdentifier>{367DC5F9-2641-33B4-8F39-881B9AA3FF57}</UniqueIdentifier>
    </Filter>
    <Filter Include="PostProcessing">
      <UniqueIdentifier>{33B12372-9905-3480-BE45-93621D382420}</UniqueIdentifier>
    </Filter>
    <Filter Include="Q3BSP">
      <UniqueIdentifier>{3C382F53-99A4-3132-B6C0-86982B8B93DB}</UniqueIdentifier>
    </Filter>
    <Filter Include="Q3D">
      <UniqueIdentifier>{71A25E2D-CAB8-3731-B09F-051F5E8ECA68}</UniqueIdentifier>
    </Filter>
    <Filter Include="RAW">
      <UniqueIdentifier>{1AC28BCD-4DFD-3742-B0D0-7B57862488D7}</UniqueIdentifier>
    </Filter>
    <Filter Include="SIB">
      <UniqueIdentifier>{4A6D9479-5805-3CB4-8FA4-70449308A85D}</UniqueIdentifier>
    </Filter>
    <Filter Include="SMD">
      <UniqueIdentifier>{A4527BCC-36B1-341E-9ACB-5B78FBDDDC62}</UniqueIdentifier>
    </Filter>
    <Filter Include="STL">
      <UniqueIdentifier>{46528DF4-885B-3A28-A6D4-8DBBE4DCBA27}</UniqueIdentifier>
    </Filter>
    <Filter Include="Source Files">
      <UniqueIdentifier>{2E5E62A3-5337-3312-A453-44EAAB220E8C}</UniqueIdentifier>
    </Filter>
    <Filter Include="Step">
      <UniqueIdentifier>{F5F34BCE-1446-3623-98F4-966F3F9D45AE}</UniqueIdentifier>
    </Filter>
    <Filter Include="TERRAGEN">
      <UniqueIdentifier>{A0AB734E-FE83-3C75-9FB1-81CFECE84E86}</UniqueIdentifier>
    </Filter>
    <Filter Include="X">
      <UniqueIdentifier>{4E6BB62E-54FB-3762-8715-98441935502E}</UniqueIdentifier>
    </Filter>
    <Filter Include="X3D">
      <UniqueIdentifier>{C3B9A34C-0A69-3498-9ED3-FFEA527B1F32}</UniqueIdentifier>
    </Filter>
    <Filter Include="XGL">
      <UniqueIdentifier>{0E48EB75-5989-3FA5-8E00-A3F6EA718EE9}</UniqueIdentifier>
    </Filter>
    <Filter Include="open3dgc">
      <UniqueIdentifier>{36354B06-B39D-347E-80C8-22D42353CAD8}</UniqueIdentifier>
    </Filter>
    <Filter Include="openddl_parser">
      <UniqueIdentifier>{05CD6C6A-739E-3E99-9DBE-C0806E85B937}</UniqueIdentifier>
    </Filter>
    <Filter Include="unzip">
      <UniqueIdentifier>{E8397B04-54FB-3247-BDA0-5122E971491B}</UniqueIdentifier>
    </Filter>
    <Filter Include="ziplib">
      <UniqueIdentifier>{F583C57A-D584-38D0-ADF1-B7F7C5BA96BA}</UniqueIdentifier>
    </Filter>
  </ItemGroup>
</Project>
